{
  "version": 4,
  "terraform_version": "1.6.2",
  "serial": 64,
  "lineage": "e1f7b2c9-133a-a411-e1fa-dcf14f4c39fb",
  "outputs": {
    "k8s-cluster-id": {
      "value": "ocid1.cluster.oc1.eu-frankfurt-1.aaaaaaaaops3mcv7gxwxv4hqrhta755tcv4hsvqvtczczzoqjccuys77lccq",
      "type": "string"
    },
    "nginx-ingress-secgroup-ocid": {
      "value": "ocid1.networksecuritygroup.oc1.eu-frankfurt-1.aaaaaaaax5j3poduow3fmu3yz3nweneinesslfpg6ikdgy5g3pl3j3bmihpa",
      "type": "string"
    }
  },
  "resources": [
    {
      "mode": "data",
      "type": "oci_identity_availability_domains",
      "name": "ads",
      "provider": "provider[\"registry.opentofu.org/oracle/oci\"]",
      "instances": [
        {
          "schema_version": 0,
          "attributes": {
            "availability_domains": [
              {
                "compartment_id": "ocid1.tenancy.oc1..aaaaaaaakqbx4b5npvrfpprq2jd3c52zpwa6riptpnuk3hluk2tx6f3q43ma",
                "id": "ocid1.availabilitydomain.oc1..aaaaaaaaa2artt5wizbqvwl3rgptylx2l7jqbnyv4dygcfvlrd3dphvi3mdq",
                "name": "fJnH:EU-FRANKFURT-1-AD-1"
              },
              {
                "compartment_id": "ocid1.tenancy.oc1..aaaaaaaakqbx4b5npvrfpprq2jd3c52zpwa6riptpnuk3hluk2tx6f3q43ma",
                "id": "ocid1.availabilitydomain.oc1..aaaaaaaaiifj24st3w4j7cowuo3pmqcuqwjapjv435vtjmgh5j7q3flguwna",
                "name": "fJnH:EU-FRANKFURT-1-AD-2"
              },
              {
                "compartment_id": "ocid1.tenancy.oc1..aaaaaaaakqbx4b5npvrfpprq2jd3c52zpwa6riptpnuk3hluk2tx6f3q43ma",
                "id": "ocid1.availabilitydomain.oc1..aaaaaaaalcdcbl7u6akbmkojxhrozpj2v7yavqqydkj3ytyjbt47lnoqnm2q",
                "name": "fJnH:EU-FRANKFURT-1-AD-3"
              }
            ],
            "compartment_id": "ocid1.tenancy.oc1..aaaaaaaakqbx4b5npvrfpprq2jd3c52zpwa6riptpnuk3hluk2tx6f3q43ma",
            "filter": null,
            "id": "IdentityAvailabilityDomainsDataSource-1309435403"
          },
          "sensitive_attributes": []
        }
      ]
    },
    {
      "mode": "managed",
      "type": "local_file",
      "name": "ingress_sec_group_oidc",
      "provider": "provider[\"registry.opentofu.org/hashicorp/local\"]",
      "instances": [
        {
          "schema_version": 0,
          "attributes": {
            "content": "# AUTO-GENERATED from Terraform. Do not edit manually.\n#\napiVersion: v1\nkind: ConfigMap\nmetadata:\n  name: ingress-secgroup-oidc\n  namespace: kube-system\ndata:\n  values.yaml: |\n    controller:\n      service:\n        annotations:\n          oci-network-load-balancer.oraclecloud.com/oci-network-security-groups: \"ocid1.networksecuritygroup.oc1.eu-frankfurt-1.aaaaaaaax5j3poduow3fmu3yz3nweneinesslfpg6ikdgy5g3pl3j3bmihpa\"\n",
            "content_base64": null,
            "content_base64sha256": "ScnuwYAAL0xscPv6lM6iLjVuGb0EnwejzvKxU/DLsAg=",
            "content_base64sha512": "tszvnSWaxfG2gLCdrTBtQ+t4iSFS4hZBmgSax2/NBL6d8LJLWHhQHU/UHv6SSfvBnT3k/JAb2MMy3XGvIi8RvQ==",
            "content_md5": "a3df55f8d7492c7581d6c78043adf62b",
            "content_sha1": "29e171b9b927ca1175e49e8f8a5f6d4deda26427",
            "content_sha256": "49c9eec180002f4c6c70fbfa94cea22e356e19bd049f07a3cef2b153f0cbb008",
            "content_sha512": "b6ccef9d259ac5f1b680b09dad306d43eb78892152e216419a049ac76fcd04be9df0b24b5878501d4fd41efe9249fbc19d3de4fc901bd8c332dd71af222f11bd",
            "directory_permission": "0777",
            "file_permission": "0640",
            "filename": "../flux/kube-system/ingress-nginx-secgroup-oidc-cm.yaml",
            "id": "29e171b9b927ca1175e49e8f8a5f6d4deda26427",
            "sensitive_content": null,
            "source": null
          },
          "sensitive_attributes": [],
          "dependencies": [
            "module.vcn.oci_core_vcn.vcn",
            "oci_core_network_security_group.nginx_ingress_network_security_group"
          ]
        }
      ]
    },
    {
      "mode": "managed",
      "type": "oci_bastion_bastion",
      "name": "k8s_bastion",
      "provider": "provider[\"registry.opentofu.org/oracle/oci\"]",
      "instances": [
        {
          "schema_version": 0,
          "attributes": {
            "bastion_type": "STANDARD",
            "client_cidr_block_allow_list": [
              "127.0.0.1/32"
            ],
            "compartment_id": "ocid1.tenancy.oc1..aaaaaaaakqbx4b5npvrfpprq2jd3c52zpwa6riptpnuk3hluk2tx6f3q43ma",
            "defined_tags": {
              "Oracle-Tags.CreatedBy": "default/zenon.i.kielbasa@gmail.com",
              "Oracle-Tags.CreatedOn": "2024-03-17T23:16:30.280Z"
            },
            "dns_proxy_status": "DISABLED",
            "freeform_tags": {},
            "id": "ocid1.bastion.oc1.eu-frankfurt-1.amaaaaaa4ywwqqya727jxa5hwyblgteja5k42r5blskyifcnbojnml74n2iq",
            "lifecycle_details": null,
            "max_session_ttl_in_seconds": 10800,
            "max_sessions_allowed": 20,
            "name": "k8s",
            "phone_book_entry": null,
            "private_endpoint_ip_address": "10.0.1.6",
            "state": "ACTIVE",
            "static_jump_host_ip_addresses": [],
            "system_tags": {},
            "target_subnet_id": "ocid1.subnet.oc1.eu-frankfurt-1.aaaaaaaabayhnf45jvcxbgqhtoej5vuhutzpq4jdlzlhja7cgfvzc6ansi7a",
            "target_vcn_id": "ocid1.vcn.oc1.eu-frankfurt-1.amaaaaaa4ywwqqya2q4kvp5k4yo6f4lmoht23uspxqntmgasz35sdhq63oqa",
            "time_created": "2024-03-17 23:16:33.151 +0000 UTC",
            "time_updated": "2024-03-17 23:17:46.663 +0000 UTC",
            "timeouts": null
          },
          "sensitive_attributes": [],
          "private": "eyJlMmJmYjczMC1lY2FhLTExZTYtOGY4OC0zNDM2M2JjN2M0YzAiOnsiY3JlYXRlIjoxMjAwMDAwMDAwMDAwLCJkZWxldGUiOjEyMDAwMDAwMDAwMDAsInVwZGF0ZSI6MTIwMDAwMDAwMDAwMH19",
          "dependencies": [
            "module.vcn.data.oci_core_services.all_oci_services",
            "module.vcn.oci_core_local_peering_gateway.lpg",
            "module.vcn.oci_core_nat_gateway.nat_gateway",
            "module.vcn.oci_core_route_table.nat",
            "module.vcn.oci_core_service_gateway.service_gateway",
            "module.vcn.oci_core_vcn.vcn",
            "oci_core_security_list.private_subnet_sl",
            "oci_core_subnet.vcn_private_subnet"
          ]
        }
      ]
    },
    {
      "mode": "managed",
      "type": "oci_containerengine_cluster",
      "name": "k8s_cluster",
      "provider": "provider[\"registry.opentofu.org/oracle/oci\"]",
      "instances": [
        {
          "schema_version": 0,
          "attributes": {
            "available_kubernetes_upgrades": [],
            "cluster_pod_network_options": [
              {
                "cni_type": "FLANNEL_OVERLAY"
              }
            ],
            "compartment_id": "ocid1.tenancy.oc1..aaaaaaaakqbx4b5npvrfpprq2jd3c52zpwa6riptpnuk3hluk2tx6f3q43ma",
            "defined_tags": {
              "Oracle-Tags.CreatedBy": "default/zenon.i.kielbasa@gmail.com",
              "Oracle-Tags.CreatedOn": "2024-03-17T09:43:06.807Z"
            },
            "endpoint_config": [
              {
                "is_public_ip_enabled": true,
                "nsg_ids": [],
                "subnet_id": "ocid1.subnet.oc1.eu-frankfurt-1.aaaaaaaa6rzagwl7nf4meghvueskoe4soali4mlluadnr6uonnv5g62skr3q"
              }
            ],
            "endpoints": [
              {
                "kubernetes": "",
                "private_endpoint": "10.0.0.189:6443",
                "public_endpoint": "158.180.52.53:6443",
                "vcn_hostname_endpoint": ""
              }
            ],
            "freeform_tags": {},
            "id": "ocid1.cluster.oc1.eu-frankfurt-1.aaaaaaaaops3mcv7gxwxv4hqrhta755tcv4hsvqvtczczzoqjccuys77lccq",
            "image_policy_config": [
              {
                "is_policy_enabled": false,
                "key_details": []
              }
            ],
            "kms_key_id": null,
            "kubernetes_version": "v1.28.2",
            "lifecycle_details": null,
            "metadata": [
              {
                "created_by_user_id": "ocid1.user.oc1..aaaaaaaaxy3baidub5p2twrmiava3c7s5gk7fm3mv3lxm6t4kz2pzfxeb3pa",
                "created_by_work_request_id": "ocid1.clustersworkrequest.oc1.eu-frankfurt-1.aaaaaaaafgryzboe4eds7wnh7jor4gzaazx4xhd6nkpfwfszbwxdf22vb65a",
                "deleted_by_user_id": "",
                "deleted_by_work_request_id": "",
                "time_created": "2024-03-17 09:43:07 +0000 UTC",
                "time_credential_expiration": "2029-03-17 09:43:52 +0000 UTC",
                "time_deleted": "",
                "time_updated": "",
                "updated_by_user_id": "",
                "updated_by_work_request_id": ""
              }
            ],
            "name": "free-k8s-cluster",
            "options": [
              {
                "add_ons": [
                  {
                    "is_kubernetes_dashboard_enabled": false,
                    "is_tiller_enabled": false
                  }
                ],
                "admission_controller_options": [
                  {
                    "is_pod_security_policy_enabled": false
                  }
                ],
                "kubernetes_network_config": [
                  {
                    "pods_cidr": "10.244.0.0/16",
                    "services_cidr": "10.96.0.0/16"
                  }
                ],
                "persistent_volume_config": [
                  {
                    "defined_tags": {},
                    "freeform_tags": {}
                  }
                ],
                "service_lb_config": [
                  {
                    "defined_tags": {},
                    "freeform_tags": {}
                  }
                ],
                "service_lb_subnet_ids": [
                  "ocid1.subnet.oc1.eu-frankfurt-1.aaaaaaaa6rzagwl7nf4meghvueskoe4soali4mlluadnr6uonnv5g62skr3q"
                ]
              }
            ],
            "state": "ACTIVE",
            "timeouts": {
              "create": null,
              "delete": null,
              "update": null
            },
            "type": "BASIC_CLUSTER",
            "vcn_id": "ocid1.vcn.oc1.eu-frankfurt-1.amaaaaaa4ywwqqya2q4kvp5k4yo6f4lmoht23uspxqntmgasz35sdhq63oqa"
          },
          "sensitive_attributes": [],
          "private": "eyJlMmJmYjczMC1lY2FhLTExZTYtOGY4OC0zNDM2M2JjN2M0YzAiOnsiY3JlYXRlIjozNjAwMDAwMDAwMDAwLCJkZWxldGUiOjM2MDAwMDAwMDAwMDAsInVwZGF0ZSI6MzYwMDAwMDAwMDAwMH0sInNjaGVtYV92ZXJzaW9uIjoiMCJ9",
          "dependencies": [
            "module.vcn.oci_core_internet_gateway.ig",
            "module.vcn.oci_core_local_peering_gateway.lpg",
            "module.vcn.oci_core_route_table.ig",
            "module.vcn.oci_core_vcn.vcn",
            "oci_core_security_list.public_subnet_sl",
            "oci_core_subnet.vcn_public_subnet"
          ]
        }
      ]
    },
    {
      "mode": "managed",
      "type": "oci_core_network_security_group",
      "name": "nginx_ingress_network_security_group",
      "provider": "provider[\"registry.opentofu.org/oracle/oci\"]",
      "instances": [
        {
          "schema_version": 0,
          "attributes": {
            "compartment_id": "ocid1.tenancy.oc1..aaaaaaaakqbx4b5npvrfpprq2jd3c52zpwa6riptpnuk3hluk2tx6f3q43ma",
            "defined_tags": {
              "Oracle-Tags.CreatedBy": "default/zenon.i.kielbasa@gmail.com",
              "Oracle-Tags.CreatedOn": "2024-03-17T22:06:12.768Z"
            },
            "display_name": "networksecuritygroup20240317220612",
            "freeform_tags": {},
            "id": "ocid1.networksecuritygroup.oc1.eu-frankfurt-1.aaaaaaaax5j3poduow3fmu3yz3nweneinesslfpg6ikdgy5g3pl3j3bmihpa",
            "state": "AVAILABLE",
            "time_created": "2024-03-17 22:06:12.821 +0000 UTC",
            "timeouts": null,
            "vcn_id": "ocid1.vcn.oc1.eu-frankfurt-1.amaaaaaa4ywwqqya2q4kvp5k4yo6f4lmoht23uspxqntmgasz35sdhq63oqa"
          },
          "sensitive_attributes": [],
          "private": "eyJlMmJmYjczMC1lY2FhLTExZTYtOGY4OC0zNDM2M2JjN2M0YzAiOnsiY3JlYXRlIjoxMjAwMDAwMDAwMDAwLCJkZWxldGUiOjEyMDAwMDAwMDAwMDAsInVwZGF0ZSI6MTIwMDAwMDAwMDAwMH19",
          "dependencies": [
            "module.vcn.oci_core_vcn.vcn"
          ]
        }
      ]
    },
    {
      "mode": "managed",
      "type": "oci_core_network_security_group_security_rule",
      "name": "nginx_ingress_network_security_group_security_rule_443",
      "provider": "provider[\"registry.opentofu.org/oracle/oci\"]",
      "instances": [
        {
          "schema_version": 0,
          "attributes": {
            "description": "nginx-ingress",
            "destination": null,
            "destination_type": "",
            "direction": "INGRESS",
            "icmp_options": [],
            "id": "07BF25",
            "is_valid": true,
            "network_security_group_id": "ocid1.networksecuritygroup.oc1.eu-frankfurt-1.aaaaaaaax5j3poduow3fmu3yz3nweneinesslfpg6ikdgy5g3pl3j3bmihpa",
            "protocol": "6",
            "source": "0.0.0.0/0",
            "source_type": "CIDR_BLOCK",
            "stateless": false,
            "tcp_options": [
              {
                "destination_port_range": [
                  {
                    "max": 443,
                    "min": 443
                  }
                ],
                "source_port_range": []
              }
            ],
            "time_created": "2024-03-17 22:06:13.165 +0000 UTC",
            "timeouts": null,
            "udp_options": []
          },
          "sensitive_attributes": [],
          "private": "eyJlMmJmYjczMC1lY2FhLTExZTYtOGY4OC0zNDM2M2JjN2M0YzAiOnsiY3JlYXRlIjoxMjAwMDAwMDAwMDAwLCJkZWxldGUiOjEyMDAwMDAwMDAwMDAsInVwZGF0ZSI6MTIwMDAwMDAwMDAwMH19",
          "dependencies": [
            "module.vcn.oci_core_vcn.vcn",
            "oci_core_network_security_group.nginx_ingress_network_security_group"
          ]
        }
      ]
    },
    {
      "mode": "managed",
      "type": "oci_core_network_security_group_security_rule",
      "name": "nginx_ingress_network_security_group_security_rule_80",
      "provider": "provider[\"registry.opentofu.org/oracle/oci\"]",
      "instances": [
        {
          "schema_version": 0,
          "attributes": {
            "description": "nginx-ingress",
            "destination": null,
            "destination_type": "",
            "direction": "INGRESS",
            "icmp_options": [],
            "id": "069328",
            "is_valid": true,
            "network_security_group_id": "ocid1.networksecuritygroup.oc1.eu-frankfurt-1.aaaaaaaax5j3poduow3fmu3yz3nweneinesslfpg6ikdgy5g3pl3j3bmihpa",
            "protocol": "6",
            "source": "0.0.0.0/0",
            "source_type": "CIDR_BLOCK",
            "stateless": false,
            "tcp_options": [
              {
                "destination_port_range": [
                  {
                    "max": 80,
                    "min": 80
                  }
                ],
                "source_port_range": []
              }
            ],
            "time_created": "2024-03-17 22:06:13.262 +0000 UTC",
            "timeouts": null,
            "udp_options": []
          },
          "sensitive_attributes": [],
          "private": "eyJlMmJmYjczMC1lY2FhLTExZTYtOGY4OC0zNDM2M2JjN2M0YzAiOnsiY3JlYXRlIjoxMjAwMDAwMDAwMDAwLCJkZWxldGUiOjEyMDAwMDAwMDAwMDAsInVwZGF0ZSI6MTIwMDAwMDAwMDAwMH19",
          "dependencies": [
            "module.vcn.oci_core_vcn.vcn",
            "oci_core_network_security_group.nginx_ingress_network_security_group"
          ]
        }
      ]
    },
    {
      "mode": "managed",
      "type": "oci_core_security_list",
      "name": "private_subnet_sl",
      "provider": "provider[\"registry.opentofu.org/oracle/oci\"]",
      "instances": [
        {
          "schema_version": 0,
          "attributes": {
            "compartment_id": "ocid1.tenancy.oc1..aaaaaaaakqbx4b5npvrfpprq2jd3c52zpwa6riptpnuk3hluk2tx6f3q43ma",
            "defined_tags": {
              "Oracle-Tags.CreatedBy": "default/zenon.i.kielbasa@gmail.com",
              "Oracle-Tags.CreatedOn": "2024-03-17T22:06:12.782Z"
            },
            "display_name": "free-k8s-private-subnet-sl",
            "egress_security_rules": [
              {
                "description": "",
                "destination": "0.0.0.0/0",
                "destination_type": "CIDR_BLOCK",
                "icmp_options": [],
                "protocol": "all",
                "stateless": false,
                "tcp_options": [],
                "udp_options": []
              }
            ],
            "freeform_tags": {},
            "id": "ocid1.securitylist.oc1.eu-frankfurt-1.aaaaaaaa6vvt6gas5gbamuq7tmfwjauhxvmtjvzvu4rkebgg2sbcriom7jzq",
            "ingress_security_rules": [
              {
                "description": "",
                "icmp_options": [],
                "protocol": "all",
                "source": "10.0.0.0/16",
                "source_type": "CIDR_BLOCK",
                "stateless": false,
                "tcp_options": [],
                "udp_options": []
              }
            ],
            "state": "AVAILABLE",
            "time_created": "2024-03-17 22:06:12.811 +0000 UTC",
            "timeouts": null,
            "vcn_id": "ocid1.vcn.oc1.eu-frankfurt-1.amaaaaaa4ywwqqya2q4kvp5k4yo6f4lmoht23uspxqntmgasz35sdhq63oqa"
          },
          "sensitive_attributes": [],
          "private": "eyJlMmJmYjczMC1lY2FhLTExZTYtOGY4OC0zNDM2M2JjN2M0YzAiOnsiY3JlYXRlIjoxMjAwMDAwMDAwMDAwLCJkZWxldGUiOjEyMDAwMDAwMDAwMDAsInVwZGF0ZSI6MTIwMDAwMDAwMDAwMH19",
          "dependencies": [
            "module.vcn.oci_core_vcn.vcn"
          ]
        }
      ]
    },
    {
      "mode": "managed",
      "type": "oci_core_security_list",
      "name": "public_subnet_sl",
      "provider": "provider[\"registry.opentofu.org/oracle/oci\"]",
      "instances": [
        {
          "schema_version": 0,
          "attributes": {
            "compartment_id": "ocid1.tenancy.oc1..aaaaaaaakqbx4b5npvrfpprq2jd3c52zpwa6riptpnuk3hluk2tx6f3q43ma",
            "defined_tags": {
              "Oracle-Tags.CreatedBy": "default/zenon.i.kielbasa@gmail.com",
              "Oracle-Tags.CreatedOn": "2024-03-17T22:06:12.803Z"
            },
            "display_name": "free-k8s-public-subnet-sl",
            "egress_security_rules": [
              {
                "description": "",
                "destination": "0.0.0.0/0",
                "destination_type": "CIDR_BLOCK",
                "icmp_options": [],
                "protocol": "all",
                "stateless": false,
                "tcp_options": [],
                "udp_options": []
              }
            ],
            "freeform_tags": {},
            "id": "ocid1.securitylist.oc1.eu-frankfurt-1.aaaaaaaawj27wbvyredolsgyaiu2j4z4a2h7iquxr43gucn4tbolfg3oe3ha",
            "ingress_security_rules": [
              {
                "description": "",
                "icmp_options": [],
                "protocol": "17",
                "source": "0.0.0.0/0",
                "source_type": "CIDR_BLOCK",
                "stateless": false,
                "tcp_options": [],
                "udp_options": [
                  {
                    "max": 30111,
                    "min": 30111,
                    "source_port_range": []
                  }
                ]
              },
              {
                "description": "",
                "icmp_options": [],
                "protocol": "6",
                "source": "0.0.0.0/0",
                "source_type": "CIDR_BLOCK",
                "stateless": false,
                "tcp_options": [
                  {
                    "max": 443,
                    "min": 443,
                    "source_port_range": []
                  }
                ],
                "udp_options": []
              },
              {
                "description": "",
                "icmp_options": [],
                "protocol": "6",
                "source": "0.0.0.0/0",
                "source_type": "CIDR_BLOCK",
                "stateless": false,
                "tcp_options": [
                  {
                    "max": 6443,
                    "min": 6443,
                    "source_port_range": []
                  }
                ],
                "udp_options": []
              },
              {
                "description": "",
                "icmp_options": [],
                "protocol": "6",
                "source": "0.0.0.0/0",
                "source_type": "CIDR_BLOCK",
                "stateless": false,
                "tcp_options": [
                  {
                    "max": 80,
                    "min": 80,
                    "source_port_range": []
                  }
                ],
                "udp_options": []
              },
              {
                "description": "",
                "icmp_options": [],
                "protocol": "all",
                "source": "10.0.0.0/16",
                "source_type": "CIDR_BLOCK",
                "stateless": false,
                "tcp_options": [],
                "udp_options": []
              }
            ],
            "state": "AVAILABLE",
            "time_created": "2024-03-17 22:06:12.823 +0000 UTC",
            "timeouts": null,
            "vcn_id": "ocid1.vcn.oc1.eu-frankfurt-1.amaaaaaa4ywwqqya2q4kvp5k4yo6f4lmoht23uspxqntmgasz35sdhq63oqa"
          },
          "sensitive_attributes": [],
          "private": "eyJlMmJmYjczMC1lY2FhLTExZTYtOGY4OC0zNDM2M2JjN2M0YzAiOnsiY3JlYXRlIjoxMjAwMDAwMDAwMDAwLCJkZWxldGUiOjEyMDAwMDAwMDAwMDAsInVwZGF0ZSI6MTIwMDAwMDAwMDAwMH19",
          "dependencies": [
            "module.vcn.oci_core_vcn.vcn"
          ]
        }
      ]
    },
    {
      "mode": "managed",
      "type": "oci_core_subnet",
      "name": "vcn_private_subnet",
      "provider": "provider[\"registry.opentofu.org/oracle/oci\"]",
      "instances": [
        {
          "schema_version": 0,
          "attributes": {
            "availability_domain": null,
            "cidr_block": "10.0.1.0/24",
            "compartment_id": "ocid1.tenancy.oc1..aaaaaaaakqbx4b5npvrfpprq2jd3c52zpwa6riptpnuk3hluk2tx6f3q43ma",
            "defined_tags": {
              "Oracle-Tags.CreatedBy": "default/zenon.i.kielbasa@gmail.com",
              "Oracle-Tags.CreatedOn": "2024-03-16T21:31:18.291Z"
            },
            "dhcp_options_id": "ocid1.dhcpoptions.oc1.eu-frankfurt-1.aaaaaaaasmarazjdhuap4hf3iezvv6mdwvmq6cyea43dltvmftm453evefwa",
            "display_name": "free-k8s-private-subnet",
            "dns_label": null,
            "freeform_tags": {},
            "id": "ocid1.subnet.oc1.eu-frankfurt-1.aaaaaaaabayhnf45jvcxbgqhtoej5vuhutzpq4jdlzlhja7cgfvzc6ansi7a",
            "ipv6cidr_block": null,
            "ipv6cidr_blocks": [],
            "ipv6virtual_router_ip": null,
            "prohibit_internet_ingress": true,
            "prohibit_public_ip_on_vnic": true,
            "route_table_id": "ocid1.routetable.oc1.eu-frankfurt-1.aaaaaaaak572fizih2ri2jnuh6v7k3sqbqrnohrjw3utzkgvdikvmpi7ddaq",
            "security_list_ids": [
              "ocid1.securitylist.oc1.eu-frankfurt-1.aaaaaaaa6vvt6gas5gbamuq7tmfwjauhxvmtjvzvu4rkebgg2sbcriom7jzq"
            ],
            "state": "AVAILABLE",
            "subnet_domain_name": null,
            "time_created": "2024-03-16 21:31:18.32 +0000 UTC",
            "timeouts": null,
            "vcn_id": "ocid1.vcn.oc1.eu-frankfurt-1.amaaaaaa4ywwqqya2q4kvp5k4yo6f4lmoht23uspxqntmgasz35sdhq63oqa",
            "virtual_router_ip": "10.0.1.1",
            "virtual_router_mac": "00:00:17:E5:21:25"
          },
          "sensitive_attributes": [],
          "private": "eyJlMmJmYjczMC1lY2FhLTExZTYtOGY4OC0zNDM2M2JjN2M0YzAiOnsiY3JlYXRlIjoxMjAwMDAwMDAwMDAwLCJkZWxldGUiOjEyMDAwMDAwMDAwMDAsInVwZGF0ZSI6MTIwMDAwMDAwMDAwMH19",
          "dependencies": [
            "module.vcn.data.oci_core_services.all_oci_services",
            "module.vcn.oci_core_local_peering_gateway.lpg",
            "module.vcn.oci_core_nat_gateway.nat_gateway",
            "module.vcn.oci_core_route_table.nat",
            "module.vcn.oci_core_service_gateway.service_gateway",
            "module.vcn.oci_core_vcn.vcn",
            "oci_core_security_list.private_subnet_sl"
          ]
        }
      ]
    },
    {
      "mode": "managed",
      "type": "oci_core_subnet",
      "name": "vcn_public_subnet",
      "provider": "provider[\"registry.opentofu.org/oracle/oci\"]",
      "instances": [
        {
          "schema_version": 0,
          "attributes": {
            "availability_domain": null,
            "cidr_block": "10.0.0.0/24",
            "compartment_id": "ocid1.tenancy.oc1..aaaaaaaakqbx4b5npvrfpprq2jd3c52zpwa6riptpnuk3hluk2tx6f3q43ma",
            "defined_tags": {
              "Oracle-Tags.CreatedBy": "default/zenon.i.kielbasa@gmail.com",
              "Oracle-Tags.CreatedOn": "2024-03-16T21:31:17.458Z"
            },
            "dhcp_options_id": "ocid1.dhcpoptions.oc1.eu-frankfurt-1.aaaaaaaasmarazjdhuap4hf3iezvv6mdwvmq6cyea43dltvmftm453evefwa",
            "display_name": "free-k8s-public-subnet",
            "dns_label": null,
            "freeform_tags": {},
            "id": "ocid1.subnet.oc1.eu-frankfurt-1.aaaaaaaa6rzagwl7nf4meghvueskoe4soali4mlluadnr6uonnv5g62skr3q",
            "ipv6cidr_block": null,
            "ipv6cidr_blocks": [],
            "ipv6virtual_router_ip": null,
            "prohibit_internet_ingress": false,
            "prohibit_public_ip_on_vnic": false,
            "route_table_id": "ocid1.routetable.oc1.eu-frankfurt-1.aaaaaaaanwnou7dha7buxtho3kk7l6aczj4kctbpwsfmhxlheofyord6ahca",
            "security_list_ids": [
              "ocid1.securitylist.oc1.eu-frankfurt-1.aaaaaaaawj27wbvyredolsgyaiu2j4z4a2h7iquxr43gucn4tbolfg3oe3ha"
            ],
            "state": "AVAILABLE",
            "subnet_domain_name": null,
            "time_created": "2024-03-16 21:31:17.507 +0000 UTC",
            "timeouts": null,
            "vcn_id": "ocid1.vcn.oc1.eu-frankfurt-1.amaaaaaa4ywwqqya2q4kvp5k4yo6f4lmoht23uspxqntmgasz35sdhq63oqa",
            "virtual_router_ip": "10.0.0.1",
            "virtual_router_mac": "00:00:17:E5:21:25"
          },
          "sensitive_attributes": [],
          "private": "eyJlMmJmYjczMC1lY2FhLTExZTYtOGY4OC0zNDM2M2JjN2M0YzAiOnsiY3JlYXRlIjoxMjAwMDAwMDAwMDAwLCJkZWxldGUiOjEyMDAwMDAwMDAwMDAsInVwZGF0ZSI6MTIwMDAwMDAwMDAwMH19",
          "dependencies": [
            "module.vcn.oci_core_internet_gateway.ig",
            "module.vcn.oci_core_local_peering_gateway.lpg",
            "module.vcn.oci_core_route_table.ig",
            "module.vcn.oci_core_vcn.vcn",
            "oci_core_security_list.public_subnet_sl"
          ]
        }
      ]
    },
    {
      "mode": "managed",
      "type": "oci_core_volume",
      "name": "arm_instance_volume",
      "provider": "provider[\"registry.opentofu.org/oracle/oci\"]",
      "instances": [
        {
          "index_key": 0,
          "schema_version": 0,
          "attributes": {
            "auto_tuned_vpus_per_gb": null,
            "autotune_policies": [],
            "availability_domain": "fJnH:EU-FRANKFURT-1-AD-1",
            "backup_policy_id": null,
            "block_volume_replicas": [],
            "block_volume_replicas_deletion": null,
            "compartment_id": "ocid1.tenancy.oc1..aaaaaaaakqbx4b5npvrfpprq2jd3c52zpwa6riptpnuk3hluk2tx6f3q43ma",
            "defined_tags": {
              "Oracle-Tags.CreatedBy": "default/zenon.i.kielbasa@gmail.com",
              "Oracle-Tags.CreatedOn": "2024-03-18T08:03:05.100Z"
            },
            "display_name": "abtheljsojdp6uvzhb5wvyhzzhkk7el6q5fpova33hm7zkvonrexc5rmyvma",
            "freeform_tags": {
              "free-k8s-index": "0"
            },
            "id": "ocid1.volume.oc1.eu-frankfurt-1.abtheljsojdp6uvzhb5wvyhzzhkk7el6q5fpova33hm7zkvonrexc5rmyvma",
            "is_auto_tune_enabled": false,
            "is_hydrated": true,
            "kms_key_id": null,
            "size_in_gbs": "50",
            "size_in_mbs": "51200",
            "source_details": [],
            "state": "AVAILABLE",
            "system_tags": {
              "orcl-cloud.free-tier-retained": "true"
            },
            "time_created": "2024-03-18 08:03:05.112 +0000 UTC",
            "timeouts": null,
            "volume_backup_id": null,
            "volume_group_id": null,
            "vpus_per_gb": "10"
          },
          "sensitive_attributes": [],
          "private": "eyJlMmJmYjczMC1lY2FhLTExZTYtOGY4OC0zNDM2M2JjN2M0YzAiOnsiY3JlYXRlIjoxMjAwMDAwMDAwMDAwLCJkZWxldGUiOjEyMDAwMDAwMDAwMDAsInVwZGF0ZSI6MTIwMDAwMDAwMDAwMH19",
          "dependencies": [
            "data.oci_identity_availability_domains.ads"
          ]
        },
        {
          "index_key": 1,
          "schema_version": 0,
          "attributes": {
            "auto_tuned_vpus_per_gb": null,
            "autotune_policies": [],
            "availability_domain": "fJnH:EU-FRANKFURT-1-AD-2",
            "backup_policy_id": null,
            "block_volume_replicas": [],
            "block_volume_replicas_deletion": null,
            "compartment_id": "ocid1.tenancy.oc1..aaaaaaaakqbx4b5npvrfpprq2jd3c52zpwa6riptpnuk3hluk2tx6f3q43ma",
            "defined_tags": {
              "Oracle-Tags.CreatedBy": "default/zenon.i.kielbasa@gmail.com",
              "Oracle-Tags.CreatedOn": "2024-03-18T08:03:05.185Z"
            },
            "display_name": "abtheljrhvsuwhxm7uktbw62vxrl4j47gp7mawne5znxd6ft7rcqex3hruwa",
            "freeform_tags": {
              "free-k8s-index": "1"
            },
            "id": "ocid1.volume.oc1.eu-frankfurt-1.abtheljrhvsuwhxm7uktbw62vxrl4j47gp7mawne5znxd6ft7rcqex3hruwa",
            "is_auto_tune_enabled": false,
            "is_hydrated": true,
            "kms_key_id": null,
            "size_in_gbs": "50",
            "size_in_mbs": "51200",
            "source_details": [],
            "state": "AVAILABLE",
            "system_tags": {
              "orcl-cloud.free-tier-retained": "true"
            },
            "time_created": "2024-03-18 08:03:05.202 +0000 UTC",
            "timeouts": null,
            "volume_backup_id": null,
            "volume_group_id": null,
            "vpus_per_gb": "10"
          },
          "sensitive_attributes": [],
          "private": "eyJlMmJmYjczMC1lY2FhLTExZTYtOGY4OC0zNDM2M2JjN2M0YzAiOnsiY3JlYXRlIjoxMjAwMDAwMDAwMDAwLCJkZWxldGUiOjEyMDAwMDAwMDAwMDAsInVwZGF0ZSI6MTIwMDAwMDAwMDAwMH19",
          "dependencies": [
            "data.oci_identity_availability_domains.ads"
          ]
        }
      ]
    },
    {
      "mode": "managed",
      "type": "oci_identity_dynamic_group",
      "name": "k8s_instances",
      "provider": "provider[\"registry.opentofu.org/oracle/oci\"]",
      "instances": [
        {
          "schema_version": 0,
          "attributes": {
            "compartment_id": "ocid1.tenancy.oc1..aaaaaaaakqbx4b5npvrfpprq2jd3c52zpwa6riptpnuk3hluk2tx6f3q43ma",
            "defined_tags": {
              "Oracle-Tags.CreatedBy": "default/zenon.i.kielbasa@gmail.com",
              "Oracle-Tags.CreatedOn": "2024-03-17T23:21:05.263Z"
            },
            "description": "k8s instances",
            "freeform_tags": {
              "Type": "k8s"
            },
            "id": "ocid1.dynamicgroup.oc1..aaaaaaaabmq2eyfroifqojq6aikluvtcl5gmm5r57qb3ikilcjrmxt234uua",
            "inactive_state": null,
            "matching_rule": "instance.compartment.id = ocid1.tenancy.oc1..aaaaaaaakqbx4b5npvrfpprq2jd3c52zpwa6riptpnuk3hluk2tx6f3q43ma",
            "name": "k8s_instances",
            "state": "ACTIVE",
            "time_created": "2024-03-17 23:21:05.312 +0000 UTC",
            "timeouts": null
          },
          "sensitive_attributes": [],
          "private": "eyJlMmJmYjczMC1lY2FhLTExZTYtOGY4OC0zNDM2M2JjN2M0YzAiOnsiY3JlYXRlIjoxMjAwMDAwMDAwMDAwLCJkZWxldGUiOjEyMDAwMDAwMDAwMDAsInVwZGF0ZSI6MTIwMDAwMDAwMDAwMH19"
        }
      ]
    },
    {
      "mode": "managed",
      "type": "oci_identity_policy",
      "name": "k8s_instance_policy",
      "provider": "provider[\"registry.opentofu.org/oracle/oci\"]",
      "instances": [
        {
          "schema_version": 0,
          "attributes": {
            "ETag": "27425bb6258b60be5ce221cab9f2eec390e7ff50",
            "compartment_id": "ocid1.tenancy.oc1..aaaaaaaakqbx4b5npvrfpprq2jd3c52zpwa6riptpnuk3hluk2tx6f3q43ma",
            "defined_tags": {
              "Oracle-Tags.CreatedBy": "default/zenon.i.kielbasa@gmail.com",
              "Oracle-Tags.CreatedOn": "2024-03-17T22:47:09.532Z"
            },
            "description": "allow k8s instances to mount disks",
            "freeform_tags": {},
            "id": "ocid1.policy.oc1..aaaaaaaantgrqedafebz5t6vcefumqvseqzxppaomo4iooyvfuj2bh22nokq",
            "inactive_state": null,
            "lastUpdateETag": "27425bb6258b60be5ce221cab9f2eec390e7ff50",
            "name": "k8s_allow_disks",
            "policyHash": "f752f5dd9bf88762ce812448f9c8f090",
            "state": "ACTIVE",
            "statements": [
              "Allow dynamic-group k8s_instances to use instance-family in tenancy",
              "Allow dynamic-group k8s_instances to use volumes in tenancy",
              "Allow dynamic-group k8s_instances to manage volume-attachments in tenancy"
            ],
            "time_created": "2024-03-17 22:47:09.555 +0000 UTC",
            "timeouts": null,
            "version_date": null
          },
          "sensitive_attributes": [],
          "private": "eyJlMmJmYjczMC1lY2FhLTExZTYtOGY4OC0zNDM2M2JjN2M0YzAiOnsiY3JlYXRlIjoxMjAwMDAwMDAwMDAwLCJkZWxldGUiOjEyMDAwMDAwMDAwMDAsInVwZGF0ZSI6MTIwMDAwMDAwMDAwMH19"
        }
      ]
    },
    {
      "mode": "managed",
      "type": "oci_identity_policy",
      "name": "k8s_instance_policy_metrics",
      "provider": "provider[\"registry.opentofu.org/oracle/oci\"]",
      "instances": [
        {
          "schema_version": 0,
          "attributes": {
            "ETag": "b35d7bbd00109aaae60a15be9daf6714cacfeec8",
            "compartment_id": "ocid1.tenancy.oc1..aaaaaaaakqbx4b5npvrfpprq2jd3c52zpwa6riptpnuk3hluk2tx6f3q43ma",
            "defined_tags": {
              "Oracle-Tags.CreatedBy": "default/zenon.i.kielbasa@gmail.com",
              "Oracle-Tags.CreatedOn": "2024-03-17T22:47:09.586Z"
            },
            "description": "allow k8s instances to read oci metrics",
            "freeform_tags": {},
            "id": "ocid1.policy.oc1..aaaaaaaa5cvpfo766vb36h56dvbt7zhdos4k445nnmnjc5gza2rbii2ufmqa",
            "inactive_state": null,
            "lastUpdateETag": "b35d7bbd00109aaae60a15be9daf6714cacfeec8",
            "name": "k8s_allow_oci_metrics",
            "policyHash": "0856bf99a73e77aaa126dbc45184f1ff",
            "state": "ACTIVE",
            "statements": [
              "Allow dynamic-group k8s_instances to read metrics in tenancy",
              "Allow dynamic-group k8s_instances to read compartments in tenancy"
            ],
            "time_created": "2024-03-17 22:47:09.662 +0000 UTC",
            "timeouts": null,
            "version_date": null
          },
          "sensitive_attributes": [],
          "private": "eyJlMmJmYjczMC1lY2FhLTExZTYtOGY4OC0zNDM2M2JjN2M0YzAiOnsiY3JlYXRlIjoxMjAwMDAwMDAwMDAwLCJkZWxldGUiOjEyMDAwMDAwMDAwMDAsInVwZGF0ZSI6MTIwMDAwMDAwMDAwMH19"
        }
      ]
    },
    {
      "module": "module.vcn",
      "mode": "data",
      "type": "oci_core_services",
      "name": "all_oci_services",
      "provider": "provider[\"registry.opentofu.org/oracle/oci\"]",
      "instances": [
        {
          "index_key": 0,
          "schema_version": 0,
          "attributes": {
            "filter": [
              {
                "name": "name",
                "regex": true,
                "values": [
                  "All .* Services In Oracle Services Network"
                ]
              }
            ],
            "id": "CoreServicesDataSource-0",
            "services": [
              {
                "cidr_block": "all-fra-services-in-oracle-services-network",
                "description": "All FRA Services In Oracle Services Network",
                "id": "ocid1.service.oc1.eu-frankfurt-1.aaaaaaaa7ncsqkj6lkz36dehifizupyn6qjqsmtepsegs23yyntnsy7qrvea",
                "name": "All FRA Services In Oracle Services Network"
              }
            ]
          },
          "sensitive_attributes": []
        }
      ]
    },
    {
      "module": "module.vcn",
      "mode": "managed",
      "type": "oci_core_default_security_list",
      "name": "lockdown",
      "provider": "provider[\"registry.opentofu.org/oracle/oci\"]",
      "instances": [
        {
          "index_key": 0,
          "schema_version": 0,
          "attributes": {
            "compartment_id": "ocid1.tenancy.oc1..aaaaaaaakqbx4b5npvrfpprq2jd3c52zpwa6riptpnuk3hluk2tx6f3q43ma",
            "defined_tags": {
              "Oracle-Tags.CreatedBy": "default/zenon.i.kielbasa@gmail.com",
              "Oracle-Tags.CreatedOn": "2024-03-16T21:31:15.797Z"
            },
            "display_name": "Default Security List for free-k8s-vcn",
            "egress_security_rules": [],
            "freeform_tags": {
              "module": "oracle-terraform-modules/vcn/oci",
              "terraformed": "Please do not edit manually"
            },
            "id": "ocid1.securitylist.oc1.eu-frankfurt-1.aaaaaaaa5t5czwtn6ewmqkdy47e7aciek2mpjusuavbjte7pkrsoro4skwdq",
            "ingress_security_rules": [],
            "manage_default_resource_id": "ocid1.securitylist.oc1.eu-frankfurt-1.aaaaaaaa5t5czwtn6ewmqkdy47e7aciek2mpjusuavbjte7pkrsoro4skwdq",
            "state": "AVAILABLE",
            "time_created": "2024-03-16 21:31:15.903 +0000 UTC",
            "timeouts": null
          },
          "sensitive_attributes": [],
          "private": "eyJlMmJmYjczMC1lY2FhLTExZTYtOGY4OC0zNDM2M2JjN2M0YzAiOnsiY3JlYXRlIjoxMjAwMDAwMDAwMDAwLCJkZWxldGUiOjEyMDAwMDAwMDAwMDAsInVwZGF0ZSI6MTIwMDAwMDAwMDAwMH19",
          "dependencies": [
            "module.vcn.oci_core_vcn.vcn"
          ]
        }
      ]
    },
    {
      "module": "module.vcn",
      "mode": "managed",
      "type": "oci_core_internet_gateway",
      "name": "ig",
      "provider": "provider[\"registry.opentofu.org/oracle/oci\"]",
      "instances": [
        {
          "index_key": 0,
          "schema_version": 0,
          "attributes": {
            "compartment_id": "ocid1.tenancy.oc1..aaaaaaaakqbx4b5npvrfpprq2jd3c52zpwa6riptpnuk3hluk2tx6f3q43ma",
            "defined_tags": {
              "Oracle-Tags.CreatedBy": "default/zenon.i.kielbasa@gmail.com",
              "Oracle-Tags.CreatedOn": "2024-03-17T22:06:12.782Z"
            },
            "display_name": "internet-gateway",
            "enabled": true,
            "freeform_tags": {
              "module": "oracle-terraform-modules/vcn/oci",
              "terraformed": "Please do not edit manually"
            },
            "id": "ocid1.internetgateway.oc1.eu-frankfurt-1.aaaaaaaahqnkwwzyxwceivhs3cufhzdwwtbgfrab47e2sycf5obc2p3denwa",
            "route_table_id": null,
            "state": "AVAILABLE",
            "time_created": "2024-03-17 22:06:12.814 +0000 UTC",
            "timeouts": null,
            "vcn_id": "ocid1.vcn.oc1.eu-frankfurt-1.amaaaaaa4ywwqqya2q4kvp5k4yo6f4lmoht23uspxqntmgasz35sdhq63oqa"
          },
          "sensitive_attributes": [],
          "private": "eyJlMmJmYjczMC1lY2FhLTExZTYtOGY4OC0zNDM2M2JjN2M0YzAiOnsiY3JlYXRlIjoxMjAwMDAwMDAwMDAwLCJkZWxldGUiOjEyMDAwMDAwMDAwMDAsInVwZGF0ZSI6MTIwMDAwMDAwMDAwMH19",
          "dependencies": [
            "module.vcn.oci_core_vcn.vcn"
          ]
        }
      ]
    },
    {
      "module": "module.vcn",
      "mode": "managed",
      "type": "oci_core_local_peering_gateway",
      "name": "lpg",
      "provider": "provider[\"registry.opentofu.org/oracle/oci\"]",
      "instances": []
    },
    {
      "module": "module.vcn",
      "mode": "managed",
      "type": "oci_core_nat_gateway",
      "name": "nat_gateway",
      "provider": "provider[\"registry.opentofu.org/oracle/oci\"]",
      "instances": [
        {
          "index_key": 0,
          "schema_version": 0,
          "attributes": {
            "block_traffic": false,
            "compartment_id": "ocid1.tenancy.oc1..aaaaaaaakqbx4b5npvrfpprq2jd3c52zpwa6riptpnuk3hluk2tx6f3q43ma",
            "defined_tags": {
              "Oracle-Tags.CreatedBy": "default/zenon.i.kielbasa@gmail.com",
              "Oracle-Tags.CreatedOn": "2024-03-17T22:06:12.898Z"
            },
            "display_name": "nat-gateway",
            "freeform_tags": {
              "module": "oracle-terraform-modules/vcn/oci",
              "terraformed": "Please do not edit manually"
            },
            "id": "ocid1.natgateway.oc1.eu-frankfurt-1.aaaaaaaa63y43mjfd3qiha75gjw2m6jhegoh4wio23ijsdfjovh7rokojacq",
            "nat_ip": "130.162.55.238",
            "public_ip_id": "ocid1.publicip.oc1.eu-frankfurt-1.aaaaaaaakoudr77b54ahyhswqoiysu7bynfh7e5h3pon6jzyrvkfq3cxas7a",
            "route_table_id": null,
            "state": "AVAILABLE",
            "time_created": "2024-03-17 22:06:13.273 +0000 UTC",
            "timeouts": null,
            "vcn_id": "ocid1.vcn.oc1.eu-frankfurt-1.amaaaaaa4ywwqqya2q4kvp5k4yo6f4lmoht23uspxqntmgasz35sdhq63oqa"
          },
          "sensitive_attributes": [],
          "private": "eyJlMmJmYjczMC1lY2FhLTExZTYtOGY4OC0zNDM2M2JjN2M0YzAiOnsiY3JlYXRlIjoxMjAwMDAwMDAwMDAwLCJkZWxldGUiOjEyMDAwMDAwMDAwMDAsInVwZGF0ZSI6MTIwMDAwMDAwMDAwMH19",
          "dependencies": [
            "module.vcn.oci_core_vcn.vcn"
          ]
        }
      ]
    },
    {
      "module": "module.vcn",
      "mode": "managed",
      "type": "oci_core_route_table",
      "name": "ig",
      "provider": "provider[\"registry.opentofu.org/oracle/oci\"]",
      "instances": [
        {
          "index_key": 0,
          "schema_version": 0,
          "attributes": {
            "compartment_id": "ocid1.tenancy.oc1..aaaaaaaakqbx4b5npvrfpprq2jd3c52zpwa6riptpnuk3hluk2tx6f3q43ma",
            "defined_tags": {
              "Oracle-Tags.CreatedBy": "default/zenon.i.kielbasa@gmail.com",
              "Oracle-Tags.CreatedOn": "2024-03-17T22:06:13.145Z"
            },
            "display_name": "internet-route",
            "freeform_tags": {
              "module": "oracle-terraform-modules/vcn/oci",
              "terraformed": "Please do not edit manually"
            },
            "id": "ocid1.routetable.oc1.eu-frankfurt-1.aaaaaaaanwnou7dha7buxtho3kk7l6aczj4kctbpwsfmhxlheofyord6ahca",
            "route_rules": [
              {
                "cidr_block": "",
                "description": "Terraformed - Auto-generated at Internet Gateway creation: Internet Gateway as default gateway",
                "destination": "0.0.0.0/0",
                "destination_type": "CIDR_BLOCK",
                "network_entity_id": "ocid1.internetgateway.oc1.eu-frankfurt-1.aaaaaaaahqnkwwzyxwceivhs3cufhzdwwtbgfrab47e2sycf5obc2p3denwa",
                "route_type": ""
              }
            ],
            "state": "AVAILABLE",
            "time_created": "2024-03-17 22:06:13.158 +0000 UTC",
            "timeouts": null,
            "vcn_id": "ocid1.vcn.oc1.eu-frankfurt-1.amaaaaaa4ywwqqya2q4kvp5k4yo6f4lmoht23uspxqntmgasz35sdhq63oqa"
          },
          "sensitive_attributes": [],
          "private": "eyJlMmJmYjczMC1lY2FhLTExZTYtOGY4OC0zNDM2M2JjN2M0YzAiOnsiY3JlYXRlIjoxMjAwMDAwMDAwMDAwLCJkZWxldGUiOjEyMDAwMDAwMDAwMDAsInVwZGF0ZSI6MTIwMDAwMDAwMDAwMH19",
          "dependencies": [
            "module.vcn.oci_core_internet_gateway.ig",
            "module.vcn.oci_core_local_peering_gateway.lpg",
            "module.vcn.oci_core_vcn.vcn"
          ]
        }
      ]
    },
    {
      "module": "module.vcn",
      "mode": "managed",
      "type": "oci_core_route_table",
      "name": "nat",
      "provider": "provider[\"registry.opentofu.org/oracle/oci\"]",
      "instances": [
        {
          "index_key": 0,
          "schema_version": 0,
          "attributes": {
            "compartment_id": "ocid1.tenancy.oc1..aaaaaaaakqbx4b5npvrfpprq2jd3c52zpwa6riptpnuk3hluk2tx6f3q43ma",
            "defined_tags": {
              "Oracle-Tags.CreatedBy": "default/zenon.i.kielbasa@gmail.com",
              "Oracle-Tags.CreatedOn": "2024-03-17T22:06:14.191Z"
            },
            "display_name": "nat-route",
            "freeform_tags": {
              "module": "oracle-terraform-modules/vcn/oci",
              "terraformed": "Please do not edit manually"
            },
            "id": "ocid1.routetable.oc1.eu-frankfurt-1.aaaaaaaak572fizih2ri2jnuh6v7k3sqbqrnohrjw3utzkgvdikvmpi7ddaq",
            "route_rules": [
              {
                "cidr_block": "",
                "description": "Terraformed - Auto-generated at NAT Gateway creation: NAT Gateway as default gateway",
                "destination": "0.0.0.0/0",
                "destination_type": "CIDR_BLOCK",
                "network_entity_id": "ocid1.natgateway.oc1.eu-frankfurt-1.aaaaaaaa63y43mjfd3qiha75gjw2m6jhegoh4wio23ijsdfjovh7rokojacq",
                "route_type": ""
              },
              {
                "cidr_block": "",
                "description": "Terraformed - Auto-generated at Service Gateway creation: All Services in region to Service Gateway",
                "destination": "all-fra-services-in-oracle-services-network",
                "destination_type": "SERVICE_CIDR_BLOCK",
                "network_entity_id": "ocid1.servicegateway.oc1.eu-frankfurt-1.aaaaaaaajnndikljav6tpasmfk5zi3j6dit5oyro5eiwg2iaboqnelgyqq2a",
                "route_type": ""
              }
            ],
            "state": "AVAILABLE",
            "time_created": "2024-03-17 22:06:14.213 +0000 UTC",
            "timeouts": null,
            "vcn_id": "ocid1.vcn.oc1.eu-frankfurt-1.amaaaaaa4ywwqqya2q4kvp5k4yo6f4lmoht23uspxqntmgasz35sdhq63oqa"
          },
          "sensitive_attributes": [],
          "private": "eyJlMmJmYjczMC1lY2FhLTExZTYtOGY4OC0zNDM2M2JjN2M0YzAiOnsiY3JlYXRlIjoxMjAwMDAwMDAwMDAwLCJkZWxldGUiOjEyMDAwMDAwMDAwMDAsInVwZGF0ZSI6MTIwMDAwMDAwMDAwMH19",
          "dependencies": [
            "module.vcn.data.oci_core_services.all_oci_services",
            "module.vcn.oci_core_local_peering_gateway.lpg",
            "module.vcn.oci_core_nat_gateway.nat_gateway",
            "module.vcn.oci_core_service_gateway.service_gateway",
            "module.vcn.oci_core_vcn.vcn"
          ]
        }
      ]
    },
    {
      "module": "module.vcn",
      "mode": "managed",
      "type": "oci_core_route_table",
      "name": "service_gw",
      "provider": "provider[\"registry.opentofu.org/oracle/oci\"]",
      "instances": [
        {
          "index_key": 0,
          "schema_version": 0,
          "attributes": {
            "compartment_id": "ocid1.tenancy.oc1..aaaaaaaakqbx4b5npvrfpprq2jd3c52zpwa6riptpnuk3hluk2tx6f3q43ma",
            "defined_tags": {
              "Oracle-Tags.CreatedBy": "default/zenon.i.kielbasa@gmail.com",
              "Oracle-Tags.CreatedOn": "2024-03-17T22:06:13.660Z"
            },
            "display_name": "service-gw-route",
            "freeform_tags": {
              "module": "oracle-terraform-modules/vcn/oci",
              "terraformed": "Please do not edit manually"
            },
            "id": "ocid1.routetable.oc1.eu-frankfurt-1.aaaaaaaaudoguwefaamst6t7iz5ax32h2ksd6pnilzlizcfay5epp5ozouzq",
            "route_rules": [
              {
                "cidr_block": "",
                "description": "Terraformed - Auto-generated at Service Gateway creation: All Services in region to Service Gateway",
                "destination": "all-fra-services-in-oracle-services-network",
                "destination_type": "SERVICE_CIDR_BLOCK",
                "network_entity_id": "ocid1.servicegateway.oc1.eu-frankfurt-1.aaaaaaaajnndikljav6tpasmfk5zi3j6dit5oyro5eiwg2iaboqnelgyqq2a",
                "route_type": ""
              }
            ],
            "state": "AVAILABLE",
            "time_created": "2024-03-17 22:06:13.674 +0000 UTC",
            "timeouts": null,
            "vcn_id": "ocid1.vcn.oc1.eu-frankfurt-1.amaaaaaa4ywwqqya2q4kvp5k4yo6f4lmoht23uspxqntmgasz35sdhq63oqa"
          },
          "sensitive_attributes": [],
          "private": "eyJlMmJmYjczMC1lY2FhLTExZTYtOGY4OC0zNDM2M2JjN2M0YzAiOnsiY3JlYXRlIjoxMjAwMDAwMDAwMDAwLCJkZWxldGUiOjEyMDAwMDAwMDAwMDAsInVwZGF0ZSI6MTIwMDAwMDAwMDAwMH19",
          "dependencies": [
            "module.vcn.data.oci_core_services.all_oci_services",
            "module.vcn.oci_core_service_gateway.service_gateway",
            "module.vcn.oci_core_vcn.vcn"
          ]
        }
      ]
    },
    {
      "module": "module.vcn",
      "mode": "managed",
      "type": "oci_core_service_gateway",
      "name": "service_gateway",
      "provider": "provider[\"registry.opentofu.org/oracle/oci\"]",
      "instances": [
        {
          "index_key": 0,
          "schema_version": 0,
          "attributes": {
            "block_traffic": false,
            "compartment_id": "ocid1.tenancy.oc1..aaaaaaaakqbx4b5npvrfpprq2jd3c52zpwa6riptpnuk3hluk2tx6f3q43ma",
            "defined_tags": {
              "Oracle-Tags.CreatedBy": "default/zenon.i.kielbasa@gmail.com",
              "Oracle-Tags.CreatedOn": "2024-03-17T22:06:12.772Z"
            },
            "display_name": "service-gateway",
            "freeform_tags": {
              "module": "oracle-terraform-modules/vcn/oci",
              "terraformed": "Please do not edit manually"
            },
            "id": "ocid1.servicegateway.oc1.eu-frankfurt-1.aaaaaaaajnndikljav6tpasmfk5zi3j6dit5oyro5eiwg2iaboqnelgyqq2a",
            "route_table_id": null,
            "services": [
              {
                "service_id": "ocid1.service.oc1.eu-frankfurt-1.aaaaaaaa7ncsqkj6lkz36dehifizupyn6qjqsmtepsegs23yyntnsy7qrvea",
                "service_name": "All FRA Services In Oracle Services Network"
              }
            ],
            "state": "AVAILABLE",
            "time_created": "2024-03-17 22:06:13.124 +0000 UTC",
            "timeouts": null,
            "vcn_id": "ocid1.vcn.oc1.eu-frankfurt-1.amaaaaaa4ywwqqya2q4kvp5k4yo6f4lmoht23uspxqntmgasz35sdhq63oqa"
          },
          "sensitive_attributes": [],
          "private": "eyJlMmJmYjczMC1lY2FhLTExZTYtOGY4OC0zNDM2M2JjN2M0YzAiOnsiY3JlYXRlIjoxMjAwMDAwMDAwMDAwLCJkZWxldGUiOjEyMDAwMDAwMDAwMDAsInVwZGF0ZSI6MTIwMDAwMDAwMDAwMH19",
          "dependencies": [
            "module.vcn.data.oci_core_services.all_oci_services",
            "module.vcn.oci_core_vcn.vcn"
          ]
        }
      ]
    },
    {
      "module": "module.vcn",
      "mode": "managed",
      "type": "oci_core_vcn",
      "name": "vcn",
      "provider": "provider[\"registry.opentofu.org/oracle/oci\"]",
      "instances": [
        {
          "schema_version": 0,
          "attributes": {
            "byoipv6cidr_blocks": [],
            "byoipv6cidr_details": [],
            "cidr_block": "10.0.0.0/16",
            "cidr_blocks": [
              "10.0.0.0/16"
            ],
            "compartment_id": "ocid1.tenancy.oc1..aaaaaaaakqbx4b5npvrfpprq2jd3c52zpwa6riptpnuk3hluk2tx6f3q43ma",
            "default_dhcp_options_id": "ocid1.dhcpoptions.oc1.eu-frankfurt-1.aaaaaaaasmarazjdhuap4hf3iezvv6mdwvmq6cyea43dltvmftm453evefwa",
            "default_route_table_id": "ocid1.routetable.oc1.eu-frankfurt-1.aaaaaaaapineqhqatbt23sy7dthl7tynfn5f5gmxi4r7vg225vraf6kilplq",
            "default_security_list_id": "ocid1.securitylist.oc1.eu-frankfurt-1.aaaaaaaa5t5czwtn6ewmqkdy47e7aciek2mpjusuavbjte7pkrsoro4skwdq",
            "defined_tags": {
              "Oracle-Tags.CreatedBy": "default/zenon.i.kielbasa@gmail.com",
              "Oracle-Tags.CreatedOn": "2024-03-16T21:31:15.797Z"
            },
            "display_name": "free-k8s-vcn",
            "dns_label": "freek8svcn",
            "freeform_tags": {
              "module": "oracle-terraform-modules/vcn/oci",
              "terraformed": "Please do not edit manually"
            },
            "id": "ocid1.vcn.oc1.eu-frankfurt-1.amaaaaaa4ywwqqya2q4kvp5k4yo6f4lmoht23uspxqntmgasz35sdhq63oqa",
            "ipv6cidr_blocks": [],
            "ipv6private_cidr_blocks": [],
            "is_ipv6enabled": false,
            "is_oracle_gua_allocation_enabled": null,
            "state": "AVAILABLE",
            "time_created": "2024-03-16 21:31:15.903 +0000 UTC",
            "timeouts": {
              "create": null,
              "delete": null,
              "update": null
            },
            "vcn_domain_name": "freek8svcn.oraclevcn.com"
          },
          "sensitive_attributes": [],
          "private": "eyJlMmJmYjczMC1lY2FhLTExZTYtOGY4OC0zNDM2M2JjN2M0YzAiOnsiY3JlYXRlIjoxMjAwMDAwMDAwMDAwLCJkZWxldGUiOjEyMDAwMDAwMDAwMDAsInVwZGF0ZSI6MTIwMDAwMDAwMDAwMH0sInNjaGVtYV92ZXJzaW9uIjoiMCJ9"
        }
      ]
    }
  ],
  "check_results": null
}
