{
  "version": 4,
  "terraform_version": "1.6.2",
  "serial": 67,
  "lineage": "e1f7b2c9-133a-a411-e1fa-dcf14f4c39fb",
  "outputs": {
    "k8s-cluster-id": {
      "value": "ocid1.cluster.oc1.eu-frankfurt-1.aaaaaaaaops3mcv7gxwxv4hqrhta755tcv4hsvqvtczczzoqjccuys77lccq",
      "type": "string"
    },
    "nginx-ingress-secgroup-ocid": {
      "value": "ocid1.networksecuritygroup.oc1.eu-frankfurt-1.aaaaaaaax5j3poduow3fmu3yz3nweneinesslfpg6ikdgy5g3pl3j3bmihpa",
      "type": "string"
    }
  },
  "resources": [
    {
      "mode": "data",
      "type": "oci_identity_availability_domains",
      "name": "ads",
      "provider": "provider[\"registry.opentofu.org/oracle/oci\"]",
      "instances": [
        {
          "schema_version": 0,
          "attributes": {
            "availability_domains": [
              {
                "compartment_id": "ocid1.tenancy.oc1..aaaaaaaakqbx4b5npvrfpprq2jd3c52zpwa6riptpnuk3hluk2tx6f3q43ma",
                "id": "ocid1.availabilitydomain.oc1..aaaaaaaaa2artt5wizbqvwl3rgptylx2l7jqbnyv4dygcfvlrd3dphvi3mdq",
                "name": "fJnH:EU-FRANKFURT-1-AD-1"
              },
              {
                "compartment_id": "ocid1.tenancy.oc1..aaaaaaaakqbx4b5npvrfpprq2jd3c52zpwa6riptpnuk3hluk2tx6f3q43ma",
                "id": "ocid1.availabilitydomain.oc1..aaaaaaaaiifj24st3w4j7cowuo3pmqcuqwjapjv435vtjmgh5j7q3flguwna",
                "name": "fJnH:EU-FRANKFURT-1-AD-2"
              },
              {
                "compartment_id": "ocid1.tenancy.oc1..aaaaaaaakqbx4b5npvrfpprq2jd3c52zpwa6riptpnuk3hluk2tx6f3q43ma",
                "id": "ocid1.availabilitydomain.oc1..aaaaaaaalcdcbl7u6akbmkojxhrozpj2v7yavqqydkj3ytyjbt47lnoqnm2q",
                "name": "fJnH:EU-FRANKFURT-1-AD-3"
              }
            ],
            "compartment_id": "ocid1.tenancy.oc1..aaaaaaaakqbx4b5npvrfpprq2jd3c52zpwa6riptpnuk3hluk2tx6f3q43ma",
            "filter": null,
            "id": "IdentityAvailabilityDomainsDataSource-1309435403"
          },
          "sensitive_attributes": []
        }
      ]
    },
    {
      "mode": "managed",
      "type": "local_file",
      "name": "ingress_sec_group_oidc",
      "provider": "provider[\"registry.opentofu.org/hashicorp/local\"]",
      "instances": [
        {
          "schema_version": 0,
          "attributes": {
            "content": "# AUTO-GENERATED from Terraform. Do not edit manually.\n#\napiVersion: v1\nkind: ConfigMap\nmetadata:\n  name: ingress-secgroup-oidc\n  namespace: kube-system\ndata:\n  values.yaml: |\n    controller:\n      service:\n        annotations:\n          oci-network-load-balancer.oraclecloud.com/oci-network-security-groups: \"ocid1.networksecuritygroup.oc1.eu-frankfurt-1.aaaaaaaax5j3poduow3fmu3yz3nweneinesslfpg6ikdgy5g3pl3j3bmihpa\"\n",
            "content_base64": null,
            "content_base64sha256": "ScnuwYAAL0xscPv6lM6iLjVuGb0EnwejzvKxU/DLsAg=",
            "content_base64sha512": "tszvnSWaxfG2gLCdrTBtQ+t4iSFS4hZBmgSax2/NBL6d8LJLWHhQHU/UHv6SSfvBnT3k/JAb2MMy3XGvIi8RvQ==",
            "content_md5": "a3df55f8d7492c7581d6c78043adf62b",
            "content_sha1": "29e171b9b927ca1175e49e8f8a5f6d4deda26427",
            "content_sha256": "49c9eec180002f4c6c70fbfa94cea22e356e19bd049f07a3cef2b153f0cbb008",
            "content_sha512": "b6ccef9d259ac5f1b680b09dad306d43eb78892152e216419a049ac76fcd04be9df0b24b5878501d4fd41efe9249fbc19d3de4fc901bd8c332dd71af222f11bd",
            "directory_permission": "0777",
            "file_permission": "0640",
            "filename": "../flux/kube-system/ingress-nginx-secgroup-oidc-cm.yaml",
            "id": "29e171b9b927ca1175e49e8f8a5f6d4deda26427",
            "sensitive_content": null,
            "source": null
          },
          "sensitive_attributes": [],
          "dependencies": [
            "module.vcn.oci_core_vcn.vcn",
            "oci_core_network_security_group.nginx_ingress_network_security_group"
          ]
        }
      ]
    },
    {
      "mode": "managed",
      "type": "oci_bastion_bastion",
      "name": "k8s_bastion",
      "provider": "provider[\"registry.opentofu.org/oracle/oci\"]",
      "instances": [
        {
          "schema_version": 0,
          "attributes": {
            "bastion_type": "STANDARD",
            "client_cidr_block_allow_list": [
              "127.0.0.1/32"
            ],
            "compartment_id": "ocid1.tenancy.oc1..aaaaaaaakqbx4b5npvrfpprq2jd3c52zpwa6riptpnuk3hluk2tx6f3q43ma",
            "defined_tags": {
              "Oracle-Tags.CreatedBy": "default/zenon.i.kielbasa@gmail.com",
              "Oracle-Tags.CreatedOn": "2024-03-17T23:16:30.280Z"
            },
            "dns_proxy_status": "DISABLED",
            "freeform_tags": {},
            "id": "ocid1.bastion.oc1.eu-frankfurt-1.amaaaaaa4ywwqqya727jxa5hwyblgteja5k42r5blskyifcnbojnml74n2iq",
            "lifecycle_details": null,
            "max_session_ttl_in_seconds": 10800,
            "max_sessions_allowed": 20,
            "name": "k8s",
            "phone_book_entry": null,
            "private_endpoint_ip_address": "10.0.1.6",
            "state": "ACTIVE",
            "static_jump_host_ip_addresses": [],
            "system_tags": {},
            "target_subnet_id": "ocid1.subnet.oc1.eu-frankfurt-1.aaaaaaaabayhnf45jvcxbgqhtoej5vuhutzpq4jdlzlhja7cgfvzc6ansi7a",
            "target_vcn_id": "ocid1.vcn.oc1.eu-frankfurt-1.amaaaaaa4ywwqqya2q4kvp5k4yo6f4lmoht23uspxqntmgasz35sdhq63oqa",
            "time_created": "2024-03-17 23:16:33.151 +0000 UTC",
            "time_updated": "2024-03-17 23:17:46.663 +0000 UTC",
            "timeouts": null
          },
          "sensitive_attributes": [],
          "private": "eyJlMmJmYjczMC1lY2FhLTExZTYtOGY4OC0zNDM2M2JjN2M0YzAiOnsiY3JlYXRlIjoxMjAwMDAwMDAwMDAwLCJkZWxldGUiOjEyMDAwMDAwMDAwMDAsInVwZGF0ZSI6MTIwMDAwMDAwMDAwMH19",
          "dependencies": [
            "module.vcn.data.oci_core_services.all_oci_services",
            "module.vcn.oci_core_local_peering_gateway.lpg",
            "module.vcn.oci_core_nat_gateway.nat_gateway",
            "module.vcn.oci_core_route_table.nat",
            "module.vcn.oci_core_service_gateway.service_gateway",
            "module.vcn.oci_core_vcn.vcn",
            "oci_core_security_list.private_subnet_sl",
            "oci_core_subnet.vcn_private_subnet"
          ]
        }
      ]
    },
    {
      "mode": "managed",
      "type": "oci_containerengine_cluster",
      "name": "k8s_cluster",
      "provider": "provider[\"registry.opentofu.org/oracle/oci\"]",
      "instances": [
        {
          "schema_version": 0,
          "attributes": {
            "available_kubernetes_upgrades": [],
            "cluster_pod_network_options": [
              {
                "cni_type": "FLANNEL_OVERLAY"
              }
            ],
            "compartment_id": "ocid1.tenancy.oc1..aaaaaaaakqbx4b5npvrfpprq2jd3c52zpwa6riptpnuk3hluk2tx6f3q43ma",
            "defined_tags": {
              "Oracle-Tags.CreatedBy": "default/zenon.i.kielbasa@gmail.com",
              "Oracle-Tags.CreatedOn": "2024-03-17T09:43:06.807Z"
            },
            "endpoint_config": [
              {
                "is_public_ip_enabled": true,
                "nsg_ids": [],
                "subnet_id": "ocid1.subnet.oc1.eu-frankfurt-1.aaaaaaaa6rzagwl7nf4meghvueskoe4soali4mlluadnr6uonnv5g62skr3q"
              }
            ],
            "endpoints": [
              {
                "kubernetes": "",
                "private_endpoint": "10.0.0.189:6443",
                "public_endpoint": "158.180.52.53:6443",
                "vcn_hostname_endpoint": ""
              }
            ],
            "freeform_tags": {},
            "id": "ocid1.cluster.oc1.eu-frankfurt-1.aaaaaaaaops3mcv7gxwxv4hqrhta755tcv4hsvqvtczczzoqjccuys77lccq",
            "image_policy_config": [
              {
                "is_policy_enabled": false,
                "key_details": []
              }
            ],
            "kms_key_id": null,
            "kubernetes_version": "v1.28.2",
            "lifecycle_details": null,
            "metadata": [
              {
                "created_by_user_id": "ocid1.user.oc1..aaaaaaaaxy3baidub5p2twrmiava3c7s5gk7fm3mv3lxm6t4kz2pzfxeb3pa",
                "created_by_work_request_id": "ocid1.clustersworkrequest.oc1.eu-frankfurt-1.aaaaaaaafgryzboe4eds7wnh7jor4gzaazx4xhd6nkpfwfszbwxdf22vb65a",
                "deleted_by_user_id": "",
                "deleted_by_work_request_id": "",
                "time_created": "2024-03-17 09:43:07 +0000 UTC",
                "time_credential_expiration": "2029-03-17 09:43:52 +0000 UTC",
                "time_deleted": "",
                "time_updated": "",
                "updated_by_user_id": "",
                "updated_by_work_request_id": ""
              }
            ],
            "name": "free-k8s-cluster",
            "options": [
              {
                "add_ons": [
                  {
                    "is_kubernetes_dashboard_enabled": false,
                    "is_tiller_enabled": false
                  }
                ],
                "admission_controller_options": [
                  {
                    "is_pod_security_policy_enabled": false
                  }
                ],
                "kubernetes_network_config": [
                  {
                    "pods_cidr": "10.244.0.0/16",
                    "services_cidr": "10.96.0.0/16"
                  }
                ],
                "persistent_volume_config": [
                  {
                    "defined_tags": {},
                    "freeform_tags": {}
                  }
                ],
                "service_lb_config": [
                  {
                    "defined_tags": {},
                    "freeform_tags": {}
                  }
                ],
                "service_lb_subnet_ids": [
                  "ocid1.subnet.oc1.eu-frankfurt-1.aaaaaaaa6rzagwl7nf4meghvueskoe4soali4mlluadnr6uonnv5g62skr3q"
                ]
              }
            ],
            "state": "ACTIVE",
            "timeouts": {
              "create": null,
              "delete": null,
              "update": null
            },
            "type": "BASIC_CLUSTER",
            "vcn_id": "ocid1.vcn.oc1.eu-frankfurt-1.amaaaaaa4ywwqqya2q4kvp5k4yo6f4lmoht23uspxqntmgasz35sdhq63oqa"
          },
          "sensitive_attributes": [],
          "private": "eyJlMmJmYjczMC1lY2FhLTExZTYtOGY4OC0zNDM2M2JjN2M0YzAiOnsiY3JlYXRlIjozNjAwMDAwMDAwMDAwLCJkZWxldGUiOjM2MDAwMDAwMDAwMDAsInVwZGF0ZSI6MzYwMDAwMDAwMDAwMH0sInNjaGVtYV92ZXJzaW9uIjoiMCJ9",
          "dependencies": [
            "module.vcn.oci_core_internet_gateway.ig",
            "module.vcn.oci_core_local_peering_gateway.lpg",
            "module.vcn.oci_core_route_table.ig",
            "module.vcn.oci_core_vcn.vcn",
            "oci_core_security_list.public_subnet_sl",
            "oci_core_subnet.vcn_public_subnet"
          ]
        }
      ]
    },
    {
      "mode": "managed",
      "type": "oci_containerengine_node_pool",
      "name": "k8s_node_pool",
      "provider": "provider[\"registry.opentofu.org/oracle/oci\"]",
      "instances": [
        {
          "index_key": 0,
          "schema_version": 0,
          "attributes": {
            "cluster_id": "ocid1.cluster.oc1.eu-frankfurt-1.aaaaaaaaops3mcv7gxwxv4hqrhta755tcv4hsvqvtczczzoqjccuys77lccq",
            "compartment_id": "ocid1.tenancy.oc1..aaaaaaaakqbx4b5npvrfpprq2jd3c52zpwa6riptpnuk3hluk2tx6f3q43ma",
            "defined_tags": {
              "Oracle-Tags.CreatedBy": "default/zenon.i.kielbasa@gmail.com",
              "Oracle-Tags.CreatedOn": "2024-03-18T08:43:25.390Z"
            },
            "freeform_tags": {},
            "id": "ocid1.nodepool.oc1.eu-frankfurt-1.aaaaaaaa4gmd4p6goke4lk7qhnabklytzqtmdex6xw66aeokon2aoyel4w7q",
            "initial_node_labels": [
              {
                "key": "name",
                "value": "free-k8s-cluster-pool-0"
              }
            ],
            "kubernetes_version": "v1.28.2",
            "lifecycle_details": null,
            "name": "free-k8s-node-pool-0",
            "node_config_details": [
              {
                "defined_tags": {},
                "freeform_tags": {
                  "type": "k8s"
                },
                "is_pv_encryption_in_transit_enabled": false,
                "kms_key_id": "",
                "node_pool_pod_network_option_details": [
                  {
                    "cni_type": "FLANNEL_OVERLAY",
                    "max_pods_per_node": 0,
                    "pod_nsg_ids": [],
                    "pod_subnet_ids": []
                  }
                ],
                "nsg_ids": [],
                "placement_configs": [
                  {
                    "availability_domain": "fJnH:EU-FRANKFURT-1-AD-1",
                    "capacity_reservation_id": "",
                    "fault_domains": [],
                    "preemptible_node_config": [],
                    "subnet_id": "ocid1.subnet.oc1.eu-frankfurt-1.aaaaaaaabayhnf45jvcxbgqhtoej5vuhutzpq4jdlzlhja7cgfvzc6ansi7a"
                  }
                ],
                "size": 1
              }
            ],
            "node_eviction_node_pool_settings": [],
            "node_image_id": "ocid1.image.oc1.eu-frankfurt-1.aaaaaaaawo2geurhrh2tgdrxmauzfffny3t4cc66rpdtk6rjrugwro4igfbq",
            "node_image_name": "Oracle-Linux-8.8-aarch64-2023.09.26-0-OKE-1.28.2-653",
            "node_metadata": {
              "user_data": "IyEvYmluL2Jhc2gKCmVjaG8gIkNoZWNraW5nIHRvb2xzIgp3aGljaCBvY2kgMj4mMSAxPi9kZXYvbnVsbAppZiBbWyAkPyAtZXEgMSBdXTsgdGhlbgoJZWNobyAiSW5zdGFsbGluZyB0b29scy4uLiIKCWRuZiBpbnN0YWxsIGpxIHB5dGhvbjM2LW9jaS1jbGkgLXlxCmVsc2UKCWVjaG8gIlRvb2xzIGZvdW5kLiIKZmkKCnNldCAtZQoKZXhwb3J0IE9DSV9DTElfQVVUSD1pbnN0YW5jZV9wcmluY2lwYWwKCkRFVj0iL2Rldi9zZGIiCklOU1RBTkNFX09DSUQ9JChjdXJsIC1zIC1IICJBdXRob3JpemF0aW9uOiBCZWFyZXIgT3JhY2xlIiAtTCBodHRwOi8vMTY5LjI1NC4xNjkuMjU0L29wYy92Mi9pbnN0YW5jZS8gfCBqcSAtciAnLmlkJykKQ09NUEFSVE1FTlRfT0NJRD0kKGN1cmwgLXMgLUggIkF1dGhvcml6YXRpb246IEJlYXJlciBPcmFjbGUiIC1MIGh0dHA6Ly8xNjkuMjU0LjE2OS4yNTQvb3BjL3YyL2luc3RhbmNlLyB8IGpxIC1yICcuY29tcGFydG1lbnRJZCcpCkFEPSQoY3VybCAtcyAtSCAiQXV0aG9yaXphdGlvbjogQmVhcmVyIE9yYWNsZSIgLUwgaHR0cDovLzE2OS4yNTQuMTY5LjI1NC9vcGMvdjIvaW5zdGFuY2UvIHwganEgLXIgJy5hdmFpbGFiaWxpdHlEb21haW4nKQoKIyBHZXQgdGhlIE9DSUQgb2YgdGhlIGJsb2NrIHZvbHVtZQpCTE9DS19WT0xVTUVfT0NJRD0kKG9jaSBidiB2b2x1bWUgbGlzdCAtLWNvbXBhcnRtZW50LWlkPSR7Q09NUEFSVE1FTlRfT0NJRH0gLS1saWZlY3ljbGUtc3RhdGUgQVZBSUxBQkxFIC0tYXZhaWxhYmlsaXR5LWRvbWFpbiAke0FEfSB8IGpxIC1yICcuZGF0YVswXS5pZCcpCmlmIFtbICRCTE9DS19WT0xVTUVfT0NJRCA9PSAiIiBdXTsgdGhlbgoJZWNobyAiQ2FuJ3QgZmluZCB2YWxpZCBibG9jayB2b2x1bWUuIEV4aXRpbmcuIgoJZXhpdCAxCmVsc2UKCWVjaG8gIkZvdW5kIGJsb2NrIHZvbHVtZSB0byBtb3VudDogJEJMT0NLX1ZPTFVNRV9PQ0lEIgpmaQoKIyBDaGVjayBpZiB0aGUgdm9sdW1lIGlzIGFscmVhZHkgYXR0YWNoZWQgdG8gdGhlIGluc3RhbmNlCmVjaG8gIkNoZWNraW5nIGN1cnJlbnQgdm9sdW1lIHN0YXRlLi4uIgpBVFRBQ0hFRF9JTlNUQU5DRT0kKG9jaSBjb21wdXRlIHZvbHVtZS1hdHRhY2htZW50IGxpc3QgLS12b2x1bWUtaWQgJEJMT0NLX1ZPTFVNRV9PQ0lEIC0tY29tcGFydG1lbnQtaWQgJENPTVBBUlRNRU5UX09DSUQgfCBqcSAtciAnLmRhdGEgfCBzb3J0X2J5KC4idGltZS1jcmVhdGVkIikgfCBsYXN0IHwgLiJpbnN0YW5jZS1pZCInKQpTVEFURT0kKG9jaSBjb21wdXRlIHZvbHVtZS1hdHRhY2htZW50IGxpc3QgLS12b2x1bWUtaWQgJEJMT0NLX1ZPTFVNRV9PQ0lEIC0tY29tcGFydG1lbnQtaWQgJENPTVBBUlRNRU5UX09DSUQgfCBqcSAtciAnLmRhdGEgfCBzb3J0X2J5KC4idGltZS1jcmVhdGVkIikgfCBsYXN0IHwgLiJsaWZlY3ljbGUtc3RhdGUiJykKaWYgW1sgIiRBVFRBQ0hFRF9JTlNUQU5DRSIgPT0gIiRJTlNUQU5DRV9PQ0lEIiAmJiAiJFNUQVRFIiA9PSAiQVRUQUNIRUQiIF1dOyB0aGVuCgllY2hvICJCbG9jayB2b2x1bWUgaXMgYWxyZWFkeSBhdHRhY2hlZCB0byB0aGUgY3VycmVudCBpbnN0YW5jZSIKZWxpZiBbWyAiJEFUVEFDSEVEX0lOU1RBTkNFIiA9PSAiIiB8fCAiJFNUQVRFIiA9PSAiREVUQUNIRUQiIF1dOyB0aGVuCgkjIFRoZSB2b2x1bWUgaXMgbm90IGF0dGFjaGVkLCBhdHRhY2ggaXQgdG8gdGhlIGluc3RhbmNlCgllY2hvICJCbG9jayB2b2x1bWUgJEJMT0NLX1ZPTFVNRV9PQ0lEIGlzIGluIHN0YXRlICRTVEFURSwgcmVxdWVzdGluZyBhdHRhY2htZW50Li4uIgoJb2NpIGNvbXB1dGUgdm9sdW1lLWF0dGFjaG1lbnQgYXR0YWNoIC0tdm9sdW1lLWlkICRCTE9DS19WT0xVTUVfT0NJRCAtLWluc3RhbmNlLWlkICRJTlNUQU5DRV9PQ0lEIC0tdHlwZSBwYXJhdmlydHVhbGl6ZWQKCgkjIFdhaXQgZm9yIHRoZSBhdHRhY2htZW50IHRvIGNvbXBsZXRlCglBVFRBQ0hfU1RBVFVTPSIiCgl3aGlsZSBbWyAiJEFUVEFDSF9TVEFUVVMiICE9ICJBVFRBQ0hFRCIgXV07IGRvCgkJc2xlZXAgMgoJCUFUVEFDSF9TVEFUVVM9JChvY2kgY29tcHV0ZSB2b2x1bWUtYXR0YWNobWVudCBsaXN0IC0tdm9sdW1lLWlkICRCTE9DS19WT0xVTUVfT0NJRCAtLWNvbXBhcnRtZW50LWlkICRDT01QQVJUTUVOVF9PQ0lEIHwganEgLXIgJy5kYXRhIHwgc29ydF9ieSguInRpbWUtY3JlYXRlZCIpIHwgbGFzdCB8IC4ibGlmZWN5Y2xlLXN0YXRlIicpCgkJZWNobyAiQmxvY2sgdm9sdW1lICRCTE9DS19WT0xVTUVfT0NJRCBpcyBpbiBzdGF0ZSAkQVRUQUNIX1NUQVRVUy4uLiIKCWRvbmUKCWVjaG8gIkJsb2NrIHZvbHVtZSAkQkxPQ0tfVk9MVU1FX09DSUQgYXR0YWNoZWQgdG8gaW5zdGFuY2UiCmVsc2UKCSMgdGhlIHZvbHVtZSBpcyBhdHRhY2hlZCBhbHJlYWR5IHRvIGFub3RoZXIgaW5zdGFuY2UKCWVjaG8gIlRoZSB2b2x1bWUgJEJMT0NLX1ZPTFVNRV9PQ0lEIGluIHN0YXRlICRTVEFURSBpcyBhbHJlYWR5IGF0dGFjaGVkIHRvIGFub3RoZXIgaW5zdGFuY2UgJEFUVEFDSEVEX0lOU1RBTkNFLiBFeGl0aW5nLiIKCWV4aXQgMQpmaQoKbHMgLWxhIC9kZXYvc2QqCgppZiBbWyAkKGxzYmxrIC1mIHwgZ3JlcCAic2RiMSIgfCBncmVwICJleHQ0IikgIT0gIiIgXV07IHRoZW4KCWVjaG8gIlZvbHVtZSAkREVWIGFscmVhZHkgaGFzIGEgZmlsZXN5c3RlbSIKZWxzZQoJZWNobyAiQ3JlYXRpbmcgcGFydGl0aW9uIGFuZCBmaWxlc3lzdGVtIG9uICRERVYiCglwYXJ0ZWQgLS1zY3JpcHQgJERFViBta2xhYmVsIGdwdCBta3BhcnQgcHJpbWFyeSBleHQ0IDAlIDEwMCUKCW1rZnMuZXh0NCAtTCBzcnYgJHtERVZ9MQpmaQoKaWYgW1sgLWQgL3NydiBdXTsgdGhlbgoJZWNobyAiL3NydiBleGlzdHMiCmVsc2UKCW1rZGlyIC9zcnYKCWVjaG8gIi9zcnYgY3JlYXRlZCIKZmkKCnNldCArZQplY2hvICJNb3VudGluZyAke0RFVn0xIG9uIC9zcnYiCm1vdW50ICR7REVWfTEgL3NydgplY2hvICIke0RFVn0xIG1vdW50ZWQgYW5kIHJlYWR5IgoKZWNobyAiUnVubmlnIE9LRSBzY3JpcHQiCmN1cmwgLS1mYWlsIC1IICJBdXRob3JpemF0aW9uOiBCZWFyZXIgT3JhY2xlIiAtTDAgaHR0cDovLzE2OS4yNTQuMTY5LjI1NC9vcGMvdjIvaW5zdGFuY2UvbWV0YWRhdGEvb2tlX2luaXRfc2NyaXB0IHwgYmFzZTY0IC0tZGVjb2RlID4vdmFyL3J1bi9va2UtaW5pdC5zaApiYXNoIC92YXIvcnVuL29rZS1pbml0LnNoCg=="
            },
            "node_pool_cycling_details": [],
            "node_shape": "VM.Standard.A1.Flex",
            "node_shape_config": [
              {
                "memory_in_gbs": 12,
                "ocpus": 2
              }
            ],
            "node_source": [
              {
                "image_id": "ocid1.image.oc1.eu-frankfurt-1.aaaaaaaawo2geurhrh2tgdrxmauzfffny3t4cc66rpdtk6rjrugwro4igfbq",
                "source_name": "Oracle-Linux-8.8-aarch64-2023.09.26-0-OKE-1.28.2-653",
                "source_type": "IMAGE"
              }
            ],
            "node_source_details": [
              {
                "boot_volume_size_in_gbs": "",
                "image_id": "ocid1.image.oc1.eu-frankfurt-1.aaaaaaaawo2geurhrh2tgdrxmauzfffny3t4cc66rpdtk6rjrugwro4igfbq",
                "source_type": "IMAGE"
              }
            ],
            "nodes": [
              {
                "availability_domain": "fJnH:EU-FRANKFURT-1-AD-1",
                "defined_tags": {},
                "error": [],
                "fault_domain": "FAULT-DOMAIN-1",
                "freeform_tags": {},
                "id": "ocid1.instance.oc1.eu-frankfurt-1.antheljs4ywwqqycbp5vmtzntlzoaecwrkokmu6xoo6jxgcl2wxcvoal5z4a",
                "kubernetes_version": "v1.28.2",
                "lifecycle_details": "",
                "name": "oke-ccuys77lccq-n2aoyel4w7q-svzc6ansi7a-0",
                "node_pool_id": "ocid1.nodepool.oc1.eu-frankfurt-1.aaaaaaaa4gmd4p6goke4lk7qhnabklytzqtmdex6xw66aeokon2aoyel4w7q",
                "private_ip": "10.0.1.94",
                "public_ip": "",
                "state": "ACTIVE",
                "subnet_id": "ocid1.subnet.oc1.eu-frankfurt-1.aaaaaaaabayhnf45jvcxbgqhtoej5vuhutzpq4jdlzlhja7cgfvzc6ansi7a"
              }
            ],
            "quantity_per_subnet": 0,
            "ssh_public_key": "ssh-rsa AAAAB3NzaC1yc2EAAAADAQABAAACAQDuVSIT4142r4OwNK9R82Li+l0UwIPCRjOCN2jW1f5SPb9/lqMnPjF+vNC/cIGtxVidfGYN35/BCqiiVAj0rUyCMo7BEU6EPcHm6D+NrK1ev46PCb6NUJuC7OzxGeYGAWr8FtXF66SfegmOyUcogW7fksPc+HRmADvm/J1gH8hfHHe4/l1NpgVK51ytCyCBm53yFM53+RcFpCZrhcZt0S2k47FLg/vzKhUWw2uSiGEoKH3c8+3hUuHuaqBBv5GpASijjA9KuhJTYjF9YV5WfBz7bB6VjEu+lJXPeacMl0ZymHjpN9UuEC9LywVdHQuE3rH6YapUSw53bb0IanbdC+UnkmukAA/R2A/UXIkl9U8za651qgFQY9fVpPVjRqzLWZYkQGG8gSpDBGJIRHwVZpqstKmfszIBl2YkthGqH7MYuTVOrDUhNEpppprT0rtaBPA8dq2LJ0Kkx5ILbjQ+1pKAoeIz+Ojkx1yAUVVIJFgDpkl1E8GOk9j8ovmQVCl1cbM5F6YaT556Ftd4lOdFe+XtPHz6NhPXUtKSzUQB9vyGN1k6ptqFTgBi50/ukUIy21BpBNrpoAabcgoqV/9oDJmWEac9bKMaioZOdcN2RHaoMzRQl0jCKP2m6UdbBAVreuAVKDg5ELTMST+6zMx/QstOKtpDphwI0CjSE/TEF8yZvw== piontec@T495",
            "state": "ACTIVE",
            "subnet_ids": [
              "ocid1.subnet.oc1.eu-frankfurt-1.aaaaaaaabayhnf45jvcxbgqhtoej5vuhutzpq4jdlzlhja7cgfvzc6ansi7a"
            ],
            "timeouts": null
          },
          "sensitive_attributes": [],
          "private": "eyJlMmJmYjczMC1lY2FhLTExZTYtOGY4OC0zNDM2M2JjN2M0YzAiOnsiY3JlYXRlIjozMDAwMDAwMDAwMDAwLCJkZWxldGUiOjMwMDAwMDAwMDAwMDAsInVwZGF0ZSI6MzAwMDAwMDAwMDAwMH19",
          "dependencies": [
            "data.oci_identity_availability_domains.ads",
            "module.vcn.data.oci_core_services.all_oci_services",
            "module.vcn.oci_core_internet_gateway.ig",
            "module.vcn.oci_core_local_peering_gateway.lpg",
            "module.vcn.oci_core_nat_gateway.nat_gateway",
            "module.vcn.oci_core_route_table.ig",
            "module.vcn.oci_core_route_table.nat",
            "module.vcn.oci_core_service_gateway.service_gateway",
            "module.vcn.oci_core_vcn.vcn",
            "oci_containerengine_cluster.k8s_cluster",
            "oci_core_security_list.private_subnet_sl",
            "oci_core_security_list.public_subnet_sl",
            "oci_core_subnet.vcn_private_subnet",
            "oci_core_subnet.vcn_public_subnet",
            "oci_core_volume.arm_instance_volume"
          ]
        },
        {
          "index_key": 1,
          "schema_version": 0,
          "attributes": {
            "cluster_id": "ocid1.cluster.oc1.eu-frankfurt-1.aaaaaaaaops3mcv7gxwxv4hqrhta755tcv4hsvqvtczczzoqjccuys77lccq",
            "compartment_id": "ocid1.tenancy.oc1..aaaaaaaakqbx4b5npvrfpprq2jd3c52zpwa6riptpnuk3hluk2tx6f3q43ma",
            "defined_tags": {
              "Oracle-Tags.CreatedBy": "default/zenon.i.kielbasa@gmail.com",
              "Oracle-Tags.CreatedOn": "2024-03-18T08:43:25.334Z"
            },
            "freeform_tags": {},
            "id": "ocid1.nodepool.oc1.eu-frankfurt-1.aaaaaaaancha4pimlflnoo6h2pos55njyubnhcn4nwnotcnugnxzjfepymza",
            "initial_node_labels": [
              {
                "key": "name",
                "value": "free-k8s-cluster-pool-1"
              }
            ],
            "kubernetes_version": "v1.28.2",
            "lifecycle_details": null,
            "name": "free-k8s-node-pool-1",
            "node_config_details": [
              {
                "defined_tags": {},
                "freeform_tags": {
                  "type": "k8s"
                },
                "is_pv_encryption_in_transit_enabled": false,
                "kms_key_id": "",
                "node_pool_pod_network_option_details": [
                  {
                    "cni_type": "FLANNEL_OVERLAY",
                    "max_pods_per_node": 0,
                    "pod_nsg_ids": [],
                    "pod_subnet_ids": []
                  }
                ],
                "nsg_ids": [],
                "placement_configs": [
                  {
                    "availability_domain": "fJnH:EU-FRANKFURT-1-AD-2",
                    "capacity_reservation_id": "",
                    "fault_domains": [],
                    "preemptible_node_config": [],
                    "subnet_id": "ocid1.subnet.oc1.eu-frankfurt-1.aaaaaaaabayhnf45jvcxbgqhtoej5vuhutzpq4jdlzlhja7cgfvzc6ansi7a"
                  }
                ],
                "size": 1
              }
            ],
            "node_eviction_node_pool_settings": [],
            "node_image_id": "ocid1.image.oc1.eu-frankfurt-1.aaaaaaaawo2geurhrh2tgdrxmauzfffny3t4cc66rpdtk6rjrugwro4igfbq",
            "node_image_name": "Oracle-Linux-8.8-aarch64-2023.09.26-0-OKE-1.28.2-653",
            "node_metadata": {
              "user_data": "IyEvYmluL2Jhc2gKCmVjaG8gIkNoZWNraW5nIHRvb2xzIgp3aGljaCBvY2kgMj4mMSAxPi9kZXYvbnVsbAppZiBbWyAkPyAtZXEgMSBdXTsgdGhlbgoJZWNobyAiSW5zdGFsbGluZyB0b29scy4uLiIKCWRuZiBpbnN0YWxsIGpxIHB5dGhvbjM2LW9jaS1jbGkgLXlxCmVsc2UKCWVjaG8gIlRvb2xzIGZvdW5kLiIKZmkKCnNldCAtZQoKZXhwb3J0IE9DSV9DTElfQVVUSD1pbnN0YW5jZV9wcmluY2lwYWwKCkRFVj0iL2Rldi9zZGIiCklOU1RBTkNFX09DSUQ9JChjdXJsIC1zIC1IICJBdXRob3JpemF0aW9uOiBCZWFyZXIgT3JhY2xlIiAtTCBodHRwOi8vMTY5LjI1NC4xNjkuMjU0L29wYy92Mi9pbnN0YW5jZS8gfCBqcSAtciAnLmlkJykKQ09NUEFSVE1FTlRfT0NJRD0kKGN1cmwgLXMgLUggIkF1dGhvcml6YXRpb246IEJlYXJlciBPcmFjbGUiIC1MIGh0dHA6Ly8xNjkuMjU0LjE2OS4yNTQvb3BjL3YyL2luc3RhbmNlLyB8IGpxIC1yICcuY29tcGFydG1lbnRJZCcpCkFEPSQoY3VybCAtcyAtSCAiQXV0aG9yaXphdGlvbjogQmVhcmVyIE9yYWNsZSIgLUwgaHR0cDovLzE2OS4yNTQuMTY5LjI1NC9vcGMvdjIvaW5zdGFuY2UvIHwganEgLXIgJy5hdmFpbGFiaWxpdHlEb21haW4nKQoKIyBHZXQgdGhlIE9DSUQgb2YgdGhlIGJsb2NrIHZvbHVtZQpCTE9DS19WT0xVTUVfT0NJRD0kKG9jaSBidiB2b2x1bWUgbGlzdCAtLWNvbXBhcnRtZW50LWlkPSR7Q09NUEFSVE1FTlRfT0NJRH0gLS1saWZlY3ljbGUtc3RhdGUgQVZBSUxBQkxFIC0tYXZhaWxhYmlsaXR5LWRvbWFpbiAke0FEfSB8IGpxIC1yICcuZGF0YVswXS5pZCcpCmlmIFtbICRCTE9DS19WT0xVTUVfT0NJRCA9PSAiIiBdXTsgdGhlbgoJZWNobyAiQ2FuJ3QgZmluZCB2YWxpZCBibG9jayB2b2x1bWUuIEV4aXRpbmcuIgoJZXhpdCAxCmVsc2UKCWVjaG8gIkZvdW5kIGJsb2NrIHZvbHVtZSB0byBtb3VudDogJEJMT0NLX1ZPTFVNRV9PQ0lEIgpmaQoKIyBDaGVjayBpZiB0aGUgdm9sdW1lIGlzIGFscmVhZHkgYXR0YWNoZWQgdG8gdGhlIGluc3RhbmNlCmVjaG8gIkNoZWNraW5nIGN1cnJlbnQgdm9sdW1lIHN0YXRlLi4uIgpBVFRBQ0hFRF9JTlNUQU5DRT0kKG9jaSBjb21wdXRlIHZvbHVtZS1hdHRhY2htZW50IGxpc3QgLS12b2x1bWUtaWQgJEJMT0NLX1ZPTFVNRV9PQ0lEIC0tY29tcGFydG1lbnQtaWQgJENPTVBBUlRNRU5UX09DSUQgfCBqcSAtciAnLmRhdGEgfCBzb3J0X2J5KC4idGltZS1jcmVhdGVkIikgfCBsYXN0IHwgLiJpbnN0YW5jZS1pZCInKQpTVEFURT0kKG9jaSBjb21wdXRlIHZvbHVtZS1hdHRhY2htZW50IGxpc3QgLS12b2x1bWUtaWQgJEJMT0NLX1ZPTFVNRV9PQ0lEIC0tY29tcGFydG1lbnQtaWQgJENPTVBBUlRNRU5UX09DSUQgfCBqcSAtciAnLmRhdGEgfCBzb3J0X2J5KC4idGltZS1jcmVhdGVkIikgfCBsYXN0IHwgLiJsaWZlY3ljbGUtc3RhdGUiJykKaWYgW1sgIiRBVFRBQ0hFRF9JTlNUQU5DRSIgPT0gIiRJTlNUQU5DRV9PQ0lEIiAmJiAiJFNUQVRFIiA9PSAiQVRUQUNIRUQiIF1dOyB0aGVuCgllY2hvICJCbG9jayB2b2x1bWUgaXMgYWxyZWFkeSBhdHRhY2hlZCB0byB0aGUgY3VycmVudCBpbnN0YW5jZSIKZWxpZiBbWyAiJEFUVEFDSEVEX0lOU1RBTkNFIiA9PSAiIiB8fCAiJFNUQVRFIiA9PSAiREVUQUNIRUQiIF1dOyB0aGVuCgkjIFRoZSB2b2x1bWUgaXMgbm90IGF0dGFjaGVkLCBhdHRhY2ggaXQgdG8gdGhlIGluc3RhbmNlCgllY2hvICJCbG9jayB2b2x1bWUgJEJMT0NLX1ZPTFVNRV9PQ0lEIGlzIGluIHN0YXRlICRTVEFURSwgcmVxdWVzdGluZyBhdHRhY2htZW50Li4uIgoJb2NpIGNvbXB1dGUgdm9sdW1lLWF0dGFjaG1lbnQgYXR0YWNoIC0tdm9sdW1lLWlkICRCTE9DS19WT0xVTUVfT0NJRCAtLWluc3RhbmNlLWlkICRJTlNUQU5DRV9PQ0lEIC0tdHlwZSBwYXJhdmlydHVhbGl6ZWQKCgkjIFdhaXQgZm9yIHRoZSBhdHRhY2htZW50IHRvIGNvbXBsZXRlCglBVFRBQ0hfU1RBVFVTPSIiCgl3aGlsZSBbWyAiJEFUVEFDSF9TVEFUVVMiICE9ICJBVFRBQ0hFRCIgXV07IGRvCgkJc2xlZXAgMgoJCUFUVEFDSF9TVEFUVVM9JChvY2kgY29tcHV0ZSB2b2x1bWUtYXR0YWNobWVudCBsaXN0IC0tdm9sdW1lLWlkICRCTE9DS19WT0xVTUVfT0NJRCAtLWNvbXBhcnRtZW50LWlkICRDT01QQVJUTUVOVF9PQ0lEIHwganEgLXIgJy5kYXRhIHwgc29ydF9ieSguInRpbWUtY3JlYXRlZCIpIHwgbGFzdCB8IC4ibGlmZWN5Y2xlLXN0YXRlIicpCgkJZWNobyAiQmxvY2sgdm9sdW1lICRCTE9DS19WT0xVTUVfT0NJRCBpcyBpbiBzdGF0ZSAkQVRUQUNIX1NUQVRVUy4uLiIKCWRvbmUKCWVjaG8gIkJsb2NrIHZvbHVtZSAkQkxPQ0tfVk9MVU1FX09DSUQgYXR0YWNoZWQgdG8gaW5zdGFuY2UiCmVsc2UKCSMgdGhlIHZvbHVtZSBpcyBhdHRhY2hlZCBhbHJlYWR5IHRvIGFub3RoZXIgaW5zdGFuY2UKCWVjaG8gIlRoZSB2b2x1bWUgJEJMT0NLX1ZPTFVNRV9PQ0lEIGluIHN0YXRlICRTVEFURSBpcyBhbHJlYWR5IGF0dGFjaGVkIHRvIGFub3RoZXIgaW5zdGFuY2UgJEFUVEFDSEVEX0lOU1RBTkNFLiBFeGl0aW5nLiIKCWV4aXQgMQpmaQoKbHMgLWxhIC9kZXYvc2QqCgppZiBbWyAkKGxzYmxrIC1mIHwgZ3JlcCAic2RiMSIgfCBncmVwICJleHQ0IikgIT0gIiIgXV07IHRoZW4KCWVjaG8gIlZvbHVtZSAkREVWIGFscmVhZHkgaGFzIGEgZmlsZXN5c3RlbSIKZWxzZQoJZWNobyAiQ3JlYXRpbmcgcGFydGl0aW9uIGFuZCBmaWxlc3lzdGVtIG9uICRERVYiCglwYXJ0ZWQgLS1zY3JpcHQgJERFViBta2xhYmVsIGdwdCBta3BhcnQgcHJpbWFyeSBleHQ0IDAlIDEwMCUKCW1rZnMuZXh0NCAtTCBzcnYgJHtERVZ9MQpmaQoKaWYgW1sgLWQgL3NydiBdXTsgdGhlbgoJZWNobyAiL3NydiBleGlzdHMiCmVsc2UKCW1rZGlyIC9zcnYKCWVjaG8gIi9zcnYgY3JlYXRlZCIKZmkKCnNldCArZQplY2hvICJNb3VudGluZyAke0RFVn0xIG9uIC9zcnYiCm1vdW50ICR7REVWfTEgL3NydgplY2hvICIke0RFVn0xIG1vdW50ZWQgYW5kIHJlYWR5IgoKZWNobyAiUnVubmlnIE9LRSBzY3JpcHQiCmN1cmwgLS1mYWlsIC1IICJBdXRob3JpemF0aW9uOiBCZWFyZXIgT3JhY2xlIiAtTDAgaHR0cDovLzE2OS4yNTQuMTY5LjI1NC9vcGMvdjIvaW5zdGFuY2UvbWV0YWRhdGEvb2tlX2luaXRfc2NyaXB0IHwgYmFzZTY0IC0tZGVjb2RlID4vdmFyL3J1bi9va2UtaW5pdC5zaApiYXNoIC92YXIvcnVuL29rZS1pbml0LnNoCg=="
            },
            "node_pool_cycling_details": [],
            "node_shape": "VM.Standard.A1.Flex",
            "node_shape_config": [
              {
                "memory_in_gbs": 12,
                "ocpus": 2
              }
            ],
            "node_source": [
              {
                "image_id": "ocid1.image.oc1.eu-frankfurt-1.aaaaaaaawo2geurhrh2tgdrxmauzfffny3t4cc66rpdtk6rjrugwro4igfbq",
                "source_name": "Oracle-Linux-8.8-aarch64-2023.09.26-0-OKE-1.28.2-653",
                "source_type": "IMAGE"
              }
            ],
            "node_source_details": [
              {
                "boot_volume_size_in_gbs": "",
                "image_id": "ocid1.image.oc1.eu-frankfurt-1.aaaaaaaawo2geurhrh2tgdrxmauzfffny3t4cc66rpdtk6rjrugwro4igfbq",
                "source_type": "IMAGE"
              }
            ],
            "nodes": [
              {
                "availability_domain": "fJnH:EU-FRANKFURT-1-AD-2",
                "defined_tags": {},
                "error": [],
                "fault_domain": "FAULT-DOMAIN-1",
                "freeform_tags": {},
                "id": "ocid1.instance.oc1.eu-frankfurt-1.antheljr4ywwqqycvd7nvnbcubjtkdqcetjkp4hbgl26zluhuy6htebqlrmq",
                "kubernetes_version": "v1.28.2",
                "lifecycle_details": "",
                "name": "oke-ccuys77lccq-nxzjfepymza-svzc6ansi7a-0",
                "node_pool_id": "ocid1.nodepool.oc1.eu-frankfurt-1.aaaaaaaancha4pimlflnoo6h2pos55njyubnhcn4nwnotcnugnxzjfepymza",
                "private_ip": "10.0.1.154",
                "public_ip": "",
                "state": "ACTIVE",
                "subnet_id": "ocid1.subnet.oc1.eu-frankfurt-1.aaaaaaaabayhnf45jvcxbgqhtoej5vuhutzpq4jdlzlhja7cgfvzc6ansi7a"
              }
            ],
            "quantity_per_subnet": 0,
            "ssh_public_key": "ssh-rsa AAAAB3NzaC1yc2EAAAADAQABAAACAQDuVSIT4142r4OwNK9R82Li+l0UwIPCRjOCN2jW1f5SPb9/lqMnPjF+vNC/cIGtxVidfGYN35/BCqiiVAj0rUyCMo7BEU6EPcHm6D+NrK1ev46PCb6NUJuC7OzxGeYGAWr8FtXF66SfegmOyUcogW7fksPc+HRmADvm/J1gH8hfHHe4/l1NpgVK51ytCyCBm53yFM53+RcFpCZrhcZt0S2k47FLg/vzKhUWw2uSiGEoKH3c8+3hUuHuaqBBv5GpASijjA9KuhJTYjF9YV5WfBz7bB6VjEu+lJXPeacMl0ZymHjpN9UuEC9LywVdHQuE3rH6YapUSw53bb0IanbdC+UnkmukAA/R2A/UXIkl9U8za651qgFQY9fVpPVjRqzLWZYkQGG8gSpDBGJIRHwVZpqstKmfszIBl2YkthGqH7MYuTVOrDUhNEpppprT0rtaBPA8dq2LJ0Kkx5ILbjQ+1pKAoeIz+Ojkx1yAUVVIJFgDpkl1E8GOk9j8ovmQVCl1cbM5F6YaT556Ftd4lOdFe+XtPHz6NhPXUtKSzUQB9vyGN1k6ptqFTgBi50/ukUIy21BpBNrpoAabcgoqV/9oDJmWEac9bKMaioZOdcN2RHaoMzRQl0jCKP2m6UdbBAVreuAVKDg5ELTMST+6zMx/QstOKtpDphwI0CjSE/TEF8yZvw== piontec@T495",
            "state": "ACTIVE",
            "subnet_ids": [
              "ocid1.subnet.oc1.eu-frankfurt-1.aaaaaaaabayhnf45jvcxbgqhtoej5vuhutzpq4jdlzlhja7cgfvzc6ansi7a"
            ],
            "timeouts": null
          },
          "sensitive_attributes": [],
          "private": "eyJlMmJmYjczMC1lY2FhLTExZTYtOGY4OC0zNDM2M2JjN2M0YzAiOnsiY3JlYXRlIjozMDAwMDAwMDAwMDAwLCJkZWxldGUiOjMwMDAwMDAwMDAwMDAsInVwZGF0ZSI6MzAwMDAwMDAwMDAwMH19",
          "dependencies": [
            "data.oci_identity_availability_domains.ads",
            "module.vcn.data.oci_core_services.all_oci_services",
            "module.vcn.oci_core_internet_gateway.ig",
            "module.vcn.oci_core_local_peering_gateway.lpg",
            "module.vcn.oci_core_nat_gateway.nat_gateway",
            "module.vcn.oci_core_route_table.ig",
            "module.vcn.oci_core_route_table.nat",
            "module.vcn.oci_core_service_gateway.service_gateway",
            "module.vcn.oci_core_vcn.vcn",
            "oci_containerengine_cluster.k8s_cluster",
            "oci_core_security_list.private_subnet_sl",
            "oci_core_security_list.public_subnet_sl",
            "oci_core_subnet.vcn_private_subnet",
            "oci_core_subnet.vcn_public_subnet",
            "oci_core_volume.arm_instance_volume"
          ]
        }
      ]
    },
    {
      "mode": "managed",
      "type": "oci_core_network_security_group",
      "name": "nginx_ingress_network_security_group",
      "provider": "provider[\"registry.opentofu.org/oracle/oci\"]",
      "instances": [
        {
          "schema_version": 0,
          "attributes": {
            "compartment_id": "ocid1.tenancy.oc1..aaaaaaaakqbx4b5npvrfpprq2jd3c52zpwa6riptpnuk3hluk2tx6f3q43ma",
            "defined_tags": {
              "Oracle-Tags.CreatedBy": "default/zenon.i.kielbasa@gmail.com",
              "Oracle-Tags.CreatedOn": "2024-03-17T22:06:12.768Z"
            },
            "display_name": "networksecuritygroup20240317220612",
            "freeform_tags": {},
            "id": "ocid1.networksecuritygroup.oc1.eu-frankfurt-1.aaaaaaaax5j3poduow3fmu3yz3nweneinesslfpg6ikdgy5g3pl3j3bmihpa",
            "state": "AVAILABLE",
            "time_created": "2024-03-17 22:06:12.821 +0000 UTC",
            "timeouts": null,
            "vcn_id": "ocid1.vcn.oc1.eu-frankfurt-1.amaaaaaa4ywwqqya2q4kvp5k4yo6f4lmoht23uspxqntmgasz35sdhq63oqa"
          },
          "sensitive_attributes": [],
          "private": "eyJlMmJmYjczMC1lY2FhLTExZTYtOGY4OC0zNDM2M2JjN2M0YzAiOnsiY3JlYXRlIjoxMjAwMDAwMDAwMDAwLCJkZWxldGUiOjEyMDAwMDAwMDAwMDAsInVwZGF0ZSI6MTIwMDAwMDAwMDAwMH19",
          "dependencies": [
            "module.vcn.oci_core_vcn.vcn"
          ]
        }
      ]
    },
    {
      "mode": "managed",
      "type": "oci_core_network_security_group_security_rule",
      "name": "nginx_ingress_network_security_group_security_rule_443",
      "provider": "provider[\"registry.opentofu.org/oracle/oci\"]",
      "instances": [
        {
          "schema_version": 0,
          "attributes": {
            "description": "nginx-ingress",
            "destination": null,
            "destination_type": "",
            "direction": "INGRESS",
            "icmp_options": [],
            "id": "07BF25",
            "is_valid": true,
            "network_security_group_id": "ocid1.networksecuritygroup.oc1.eu-frankfurt-1.aaaaaaaax5j3poduow3fmu3yz3nweneinesslfpg6ikdgy5g3pl3j3bmihpa",
            "protocol": "6",
            "source": "0.0.0.0/0",
            "source_type": "CIDR_BLOCK",
            "stateless": false,
            "tcp_options": [
              {
                "destination_port_range": [
                  {
                    "max": 443,
                    "min": 443
                  }
                ],
                "source_port_range": []
              }
            ],
            "time_created": "2024-03-17 22:06:13.165 +0000 UTC",
            "timeouts": null,
            "udp_options": []
          },
          "sensitive_attributes": [],
          "private": "eyJlMmJmYjczMC1lY2FhLTExZTYtOGY4OC0zNDM2M2JjN2M0YzAiOnsiY3JlYXRlIjoxMjAwMDAwMDAwMDAwLCJkZWxldGUiOjEyMDAwMDAwMDAwMDAsInVwZGF0ZSI6MTIwMDAwMDAwMDAwMH19",
          "dependencies": [
            "module.vcn.oci_core_vcn.vcn",
            "oci_core_network_security_group.nginx_ingress_network_security_group"
          ]
        }
      ]
    },
    {
      "mode": "managed",
      "type": "oci_core_network_security_group_security_rule",
      "name": "nginx_ingress_network_security_group_security_rule_80",
      "provider": "provider[\"registry.opentofu.org/oracle/oci\"]",
      "instances": [
        {
          "schema_version": 0,
          "attributes": {
            "description": "nginx-ingress",
            "destination": null,
            "destination_type": "",
            "direction": "INGRESS",
            "icmp_options": [],
            "id": "069328",
            "is_valid": true,
            "network_security_group_id": "ocid1.networksecuritygroup.oc1.eu-frankfurt-1.aaaaaaaax5j3poduow3fmu3yz3nweneinesslfpg6ikdgy5g3pl3j3bmihpa",
            "protocol": "6",
            "source": "0.0.0.0/0",
            "source_type": "CIDR_BLOCK",
            "stateless": false,
            "tcp_options": [
              {
                "destination_port_range": [
                  {
                    "max": 80,
                    "min": 80
                  }
                ],
                "source_port_range": []
              }
            ],
            "time_created": "2024-03-17 22:06:13.262 +0000 UTC",
            "timeouts": null,
            "udp_options": []
          },
          "sensitive_attributes": [],
          "private": "eyJlMmJmYjczMC1lY2FhLTExZTYtOGY4OC0zNDM2M2JjN2M0YzAiOnsiY3JlYXRlIjoxMjAwMDAwMDAwMDAwLCJkZWxldGUiOjEyMDAwMDAwMDAwMDAsInVwZGF0ZSI6MTIwMDAwMDAwMDAwMH19",
          "dependencies": [
            "module.vcn.oci_core_vcn.vcn",
            "oci_core_network_security_group.nginx_ingress_network_security_group"
          ]
        }
      ]
    },
    {
      "mode": "managed",
      "type": "oci_core_security_list",
      "name": "private_subnet_sl",
      "provider": "provider[\"registry.opentofu.org/oracle/oci\"]",
      "instances": [
        {
          "schema_version": 0,
          "attributes": {
            "compartment_id": "ocid1.tenancy.oc1..aaaaaaaakqbx4b5npvrfpprq2jd3c52zpwa6riptpnuk3hluk2tx6f3q43ma",
            "defined_tags": {
              "Oracle-Tags.CreatedBy": "default/zenon.i.kielbasa@gmail.com",
              "Oracle-Tags.CreatedOn": "2024-03-17T22:06:12.782Z"
            },
            "display_name": "free-k8s-private-subnet-sl",
            "egress_security_rules": [
              {
                "description": "",
                "destination": "0.0.0.0/0",
                "destination_type": "CIDR_BLOCK",
                "icmp_options": [],
                "protocol": "all",
                "stateless": false,
                "tcp_options": [],
                "udp_options": []
              }
            ],
            "freeform_tags": {},
            "id": "ocid1.securitylist.oc1.eu-frankfurt-1.aaaaaaaa6vvt6gas5gbamuq7tmfwjauhxvmtjvzvu4rkebgg2sbcriom7jzq",
            "ingress_security_rules": [
              {
                "description": "",
                "icmp_options": [],
                "protocol": "all",
                "source": "10.0.0.0/16",
                "source_type": "CIDR_BLOCK",
                "stateless": false,
                "tcp_options": [],
                "udp_options": []
              }
            ],
            "state": "AVAILABLE",
            "time_created": "2024-03-17 22:06:12.811 +0000 UTC",
            "timeouts": null,
            "vcn_id": "ocid1.vcn.oc1.eu-frankfurt-1.amaaaaaa4ywwqqya2q4kvp5k4yo6f4lmoht23uspxqntmgasz35sdhq63oqa"
          },
          "sensitive_attributes": [],
          "private": "eyJlMmJmYjczMC1lY2FhLTExZTYtOGY4OC0zNDM2M2JjN2M0YzAiOnsiY3JlYXRlIjoxMjAwMDAwMDAwMDAwLCJkZWxldGUiOjEyMDAwMDAwMDAwMDAsInVwZGF0ZSI6MTIwMDAwMDAwMDAwMH19",
          "dependencies": [
            "module.vcn.oci_core_vcn.vcn"
          ]
        }
      ]
    },
    {
      "mode": "managed",
      "type": "oci_core_security_list",
      "name": "public_subnet_sl",
      "provider": "provider[\"registry.opentofu.org/oracle/oci\"]",
      "instances": [
        {
          "schema_version": 0,
          "attributes": {
            "compartment_id": "ocid1.tenancy.oc1..aaaaaaaakqbx4b5npvrfpprq2jd3c52zpwa6riptpnuk3hluk2tx6f3q43ma",
            "defined_tags": {
              "Oracle-Tags.CreatedBy": "default/zenon.i.kielbasa@gmail.com",
              "Oracle-Tags.CreatedOn": "2024-03-17T22:06:12.803Z"
            },
            "display_name": "free-k8s-public-subnet-sl",
            "egress_security_rules": [
              {
                "description": "",
                "destination": "0.0.0.0/0",
                "destination_type": "CIDR_BLOCK",
                "icmp_options": [],
                "protocol": "all",
                "stateless": false,
                "tcp_options": [],
                "udp_options": []
              }
            ],
            "freeform_tags": {},
            "id": "ocid1.securitylist.oc1.eu-frankfurt-1.aaaaaaaawj27wbvyredolsgyaiu2j4z4a2h7iquxr43gucn4tbolfg3oe3ha",
            "ingress_security_rules": [
              {
                "description": "",
                "icmp_options": [],
                "protocol": "17",
                "source": "0.0.0.0/0",
                "source_type": "CIDR_BLOCK",
                "stateless": false,
                "tcp_options": [],
                "udp_options": [
                  {
                    "max": 30111,
                    "min": 30111,
                    "source_port_range": []
                  }
                ]
              },
              {
                "description": "",
                "icmp_options": [],
                "protocol": "6",
                "source": "0.0.0.0/0",
                "source_type": "CIDR_BLOCK",
                "stateless": false,
                "tcp_options": [
                  {
                    "max": 443,
                    "min": 443,
                    "source_port_range": []
                  }
                ],
                "udp_options": []
              },
              {
                "description": "",
                "icmp_options": [],
                "protocol": "6",
                "source": "0.0.0.0/0",
                "source_type": "CIDR_BLOCK",
                "stateless": false,
                "tcp_options": [
                  {
                    "max": 6443,
                    "min": 6443,
                    "source_port_range": []
                  }
                ],
                "udp_options": []
              },
              {
                "description": "",
                "icmp_options": [],
                "protocol": "6",
                "source": "0.0.0.0/0",
                "source_type": "CIDR_BLOCK",
                "stateless": false,
                "tcp_options": [
                  {
                    "max": 80,
                    "min": 80,
                    "source_port_range": []
                  }
                ],
                "udp_options": []
              },
              {
                "description": "",
                "icmp_options": [],
                "protocol": "all",
                "source": "10.0.0.0/16",
                "source_type": "CIDR_BLOCK",
                "stateless": false,
                "tcp_options": [],
                "udp_options": []
              }
            ],
            "state": "AVAILABLE",
            "time_created": "2024-03-17 22:06:12.823 +0000 UTC",
            "timeouts": null,
            "vcn_id": "ocid1.vcn.oc1.eu-frankfurt-1.amaaaaaa4ywwqqya2q4kvp5k4yo6f4lmoht23uspxqntmgasz35sdhq63oqa"
          },
          "sensitive_attributes": [],
          "private": "eyJlMmJmYjczMC1lY2FhLTExZTYtOGY4OC0zNDM2M2JjN2M0YzAiOnsiY3JlYXRlIjoxMjAwMDAwMDAwMDAwLCJkZWxldGUiOjEyMDAwMDAwMDAwMDAsInVwZGF0ZSI6MTIwMDAwMDAwMDAwMH19",
          "dependencies": [
            "module.vcn.oci_core_vcn.vcn"
          ]
        }
      ]
    },
    {
      "mode": "managed",
      "type": "oci_core_subnet",
      "name": "vcn_private_subnet",
      "provider": "provider[\"registry.opentofu.org/oracle/oci\"]",
      "instances": [
        {
          "schema_version": 0,
          "attributes": {
            "availability_domain": null,
            "cidr_block": "10.0.1.0/24",
            "compartment_id": "ocid1.tenancy.oc1..aaaaaaaakqbx4b5npvrfpprq2jd3c52zpwa6riptpnuk3hluk2tx6f3q43ma",
            "defined_tags": {
              "Oracle-Tags.CreatedBy": "default/zenon.i.kielbasa@gmail.com",
              "Oracle-Tags.CreatedOn": "2024-03-16T21:31:18.291Z"
            },
            "dhcp_options_id": "ocid1.dhcpoptions.oc1.eu-frankfurt-1.aaaaaaaasmarazjdhuap4hf3iezvv6mdwvmq6cyea43dltvmftm453evefwa",
            "display_name": "free-k8s-private-subnet",
            "dns_label": null,
            "freeform_tags": {},
            "id": "ocid1.subnet.oc1.eu-frankfurt-1.aaaaaaaabayhnf45jvcxbgqhtoej5vuhutzpq4jdlzlhja7cgfvzc6ansi7a",
            "ipv6cidr_block": null,
            "ipv6cidr_blocks": [],
            "ipv6virtual_router_ip": null,
            "prohibit_internet_ingress": true,
            "prohibit_public_ip_on_vnic": true,
            "route_table_id": "ocid1.routetable.oc1.eu-frankfurt-1.aaaaaaaak572fizih2ri2jnuh6v7k3sqbqrnohrjw3utzkgvdikvmpi7ddaq",
            "security_list_ids": [
              "ocid1.securitylist.oc1.eu-frankfurt-1.aaaaaaaa6vvt6gas5gbamuq7tmfwjauhxvmtjvzvu4rkebgg2sbcriom7jzq"
            ],
            "state": "AVAILABLE",
            "subnet_domain_name": null,
            "time_created": "2024-03-16 21:31:18.32 +0000 UTC",
            "timeouts": null,
            "vcn_id": "ocid1.vcn.oc1.eu-frankfurt-1.amaaaaaa4ywwqqya2q4kvp5k4yo6f4lmoht23uspxqntmgasz35sdhq63oqa",
            "virtual_router_ip": "10.0.1.1",
            "virtual_router_mac": "00:00:17:E5:21:25"
          },
          "sensitive_attributes": [],
          "private": "eyJlMmJmYjczMC1lY2FhLTExZTYtOGY4OC0zNDM2M2JjN2M0YzAiOnsiY3JlYXRlIjoxMjAwMDAwMDAwMDAwLCJkZWxldGUiOjEyMDAwMDAwMDAwMDAsInVwZGF0ZSI6MTIwMDAwMDAwMDAwMH19",
          "dependencies": [
            "module.vcn.data.oci_core_services.all_oci_services",
            "module.vcn.oci_core_local_peering_gateway.lpg",
            "module.vcn.oci_core_nat_gateway.nat_gateway",
            "module.vcn.oci_core_route_table.nat",
            "module.vcn.oci_core_service_gateway.service_gateway",
            "module.vcn.oci_core_vcn.vcn",
            "oci_core_security_list.private_subnet_sl"
          ]
        }
      ]
    },
    {
      "mode": "managed",
      "type": "oci_core_subnet",
      "name": "vcn_public_subnet",
      "provider": "provider[\"registry.opentofu.org/oracle/oci\"]",
      "instances": [
        {
          "schema_version": 0,
          "attributes": {
            "availability_domain": null,
            "cidr_block": "10.0.0.0/24",
            "compartment_id": "ocid1.tenancy.oc1..aaaaaaaakqbx4b5npvrfpprq2jd3c52zpwa6riptpnuk3hluk2tx6f3q43ma",
            "defined_tags": {
              "Oracle-Tags.CreatedBy": "default/zenon.i.kielbasa@gmail.com",
              "Oracle-Tags.CreatedOn": "2024-03-16T21:31:17.458Z"
            },
            "dhcp_options_id": "ocid1.dhcpoptions.oc1.eu-frankfurt-1.aaaaaaaasmarazjdhuap4hf3iezvv6mdwvmq6cyea43dltvmftm453evefwa",
            "display_name": "free-k8s-public-subnet",
            "dns_label": null,
            "freeform_tags": {},
            "id": "ocid1.subnet.oc1.eu-frankfurt-1.aaaaaaaa6rzagwl7nf4meghvueskoe4soali4mlluadnr6uonnv5g62skr3q",
            "ipv6cidr_block": null,
            "ipv6cidr_blocks": [],
            "ipv6virtual_router_ip": null,
            "prohibit_internet_ingress": false,
            "prohibit_public_ip_on_vnic": false,
            "route_table_id": "ocid1.routetable.oc1.eu-frankfurt-1.aaaaaaaanwnou7dha7buxtho3kk7l6aczj4kctbpwsfmhxlheofyord6ahca",
            "security_list_ids": [
              "ocid1.securitylist.oc1.eu-frankfurt-1.aaaaaaaawj27wbvyredolsgyaiu2j4z4a2h7iquxr43gucn4tbolfg3oe3ha"
            ],
            "state": "AVAILABLE",
            "subnet_domain_name": null,
            "time_created": "2024-03-16 21:31:17.507 +0000 UTC",
            "timeouts": null,
            "vcn_id": "ocid1.vcn.oc1.eu-frankfurt-1.amaaaaaa4ywwqqya2q4kvp5k4yo6f4lmoht23uspxqntmgasz35sdhq63oqa",
            "virtual_router_ip": "10.0.0.1",
            "virtual_router_mac": "00:00:17:E5:21:25"
          },
          "sensitive_attributes": [],
          "private": "eyJlMmJmYjczMC1lY2FhLTExZTYtOGY4OC0zNDM2M2JjN2M0YzAiOnsiY3JlYXRlIjoxMjAwMDAwMDAwMDAwLCJkZWxldGUiOjEyMDAwMDAwMDAwMDAsInVwZGF0ZSI6MTIwMDAwMDAwMDAwMH19",
          "dependencies": [
            "module.vcn.oci_core_internet_gateway.ig",
            "module.vcn.oci_core_local_peering_gateway.lpg",
            "module.vcn.oci_core_route_table.ig",
            "module.vcn.oci_core_vcn.vcn",
            "oci_core_security_list.public_subnet_sl"
          ]
        }
      ]
    },
    {
      "mode": "managed",
      "type": "oci_core_volume",
      "name": "arm_instance_volume",
      "provider": "provider[\"registry.opentofu.org/oracle/oci\"]",
      "instances": [
        {
          "index_key": 0,
          "schema_version": 0,
          "attributes": {
            "auto_tuned_vpus_per_gb": null,
            "autotune_policies": [],
            "availability_domain": "fJnH:EU-FRANKFURT-1-AD-1",
            "backup_policy_id": null,
            "block_volume_replicas": [],
            "block_volume_replicas_deletion": null,
            "compartment_id": "ocid1.tenancy.oc1..aaaaaaaakqbx4b5npvrfpprq2jd3c52zpwa6riptpnuk3hluk2tx6f3q43ma",
            "defined_tags": {
              "Oracle-Tags.CreatedBy": "default/zenon.i.kielbasa@gmail.com",
              "Oracle-Tags.CreatedOn": "2024-03-18T08:03:05.100Z"
            },
            "display_name": "abtheljsojdp6uvzhb5wvyhzzhkk7el6q5fpova33hm7zkvonrexc5rmyvma",
            "freeform_tags": {
              "free-k8s-index": "0"
            },
            "id": "ocid1.volume.oc1.eu-frankfurt-1.abtheljsojdp6uvzhb5wvyhzzhkk7el6q5fpova33hm7zkvonrexc5rmyvma",
            "is_auto_tune_enabled": false,
            "is_hydrated": true,
            "kms_key_id": null,
            "size_in_gbs": "50",
            "size_in_mbs": "51200",
            "source_details": [],
            "state": "AVAILABLE",
            "system_tags": {
              "orcl-cloud.free-tier-retained": "true"
            },
            "time_created": "2024-03-18 08:03:05.112 +0000 UTC",
            "timeouts": null,
            "volume_backup_id": null,
            "volume_group_id": null,
            "vpus_per_gb": "10"
          },
          "sensitive_attributes": [],
          "private": "eyJlMmJmYjczMC1lY2FhLTExZTYtOGY4OC0zNDM2M2JjN2M0YzAiOnsiY3JlYXRlIjoxMjAwMDAwMDAwMDAwLCJkZWxldGUiOjEyMDAwMDAwMDAwMDAsInVwZGF0ZSI6MTIwMDAwMDAwMDAwMH19",
          "dependencies": [
            "data.oci_identity_availability_domains.ads"
          ]
        },
        {
          "index_key": 1,
          "schema_version": 0,
          "attributes": {
            "auto_tuned_vpus_per_gb": null,
            "autotune_policies": [],
            "availability_domain": "fJnH:EU-FRANKFURT-1-AD-2",
            "backup_policy_id": null,
            "block_volume_replicas": [],
            "block_volume_replicas_deletion": null,
            "compartment_id": "ocid1.tenancy.oc1..aaaaaaaakqbx4b5npvrfpprq2jd3c52zpwa6riptpnuk3hluk2tx6f3q43ma",
            "defined_tags": {
              "Oracle-Tags.CreatedBy": "default/zenon.i.kielbasa@gmail.com",
              "Oracle-Tags.CreatedOn": "2024-03-18T08:03:05.185Z"
            },
            "display_name": "abtheljrhvsuwhxm7uktbw62vxrl4j47gp7mawne5znxd6ft7rcqex3hruwa",
            "freeform_tags": {
              "free-k8s-index": "1"
            },
            "id": "ocid1.volume.oc1.eu-frankfurt-1.abtheljrhvsuwhxm7uktbw62vxrl4j47gp7mawne5znxd6ft7rcqex3hruwa",
            "is_auto_tune_enabled": false,
            "is_hydrated": true,
            "kms_key_id": null,
            "size_in_gbs": "50",
            "size_in_mbs": "51200",
            "source_details": [],
            "state": "AVAILABLE",
            "system_tags": {
              "orcl-cloud.free-tier-retained": "true"
            },
            "time_created": "2024-03-18 08:03:05.202 +0000 UTC",
            "timeouts": null,
            "volume_backup_id": null,
            "volume_group_id": null,
            "vpus_per_gb": "10"
          },
          "sensitive_attributes": [],
          "private": "eyJlMmJmYjczMC1lY2FhLTExZTYtOGY4OC0zNDM2M2JjN2M0YzAiOnsiY3JlYXRlIjoxMjAwMDAwMDAwMDAwLCJkZWxldGUiOjEyMDAwMDAwMDAwMDAsInVwZGF0ZSI6MTIwMDAwMDAwMDAwMH19",
          "dependencies": [
            "data.oci_identity_availability_domains.ads"
          ]
        }
      ]
    },
    {
      "mode": "managed",
      "type": "oci_identity_dynamic_group",
      "name": "k8s_instances",
      "provider": "provider[\"registry.opentofu.org/oracle/oci\"]",
      "instances": [
        {
          "schema_version": 0,
          "attributes": {
            "compartment_id": "ocid1.tenancy.oc1..aaaaaaaakqbx4b5npvrfpprq2jd3c52zpwa6riptpnuk3hluk2tx6f3q43ma",
            "defined_tags": {
              "Oracle-Tags.CreatedBy": "default/zenon.i.kielbasa@gmail.com",
              "Oracle-Tags.CreatedOn": "2024-03-17T23:21:05.263Z"
            },
            "description": "k8s instances",
            "freeform_tags": {
              "Type": "k8s"
            },
            "id": "ocid1.dynamicgroup.oc1..aaaaaaaabmq2eyfroifqojq6aikluvtcl5gmm5r57qb3ikilcjrmxt234uua",
            "inactive_state": null,
            "matching_rule": "instance.compartment.id = ocid1.tenancy.oc1..aaaaaaaakqbx4b5npvrfpprq2jd3c52zpwa6riptpnuk3hluk2tx6f3q43ma",
            "name": "k8s_instances",
            "state": "ACTIVE",
            "time_created": "2024-03-17 23:21:05.312 +0000 UTC",
            "timeouts": null
          },
          "sensitive_attributes": [],
          "private": "eyJlMmJmYjczMC1lY2FhLTExZTYtOGY4OC0zNDM2M2JjN2M0YzAiOnsiY3JlYXRlIjoxMjAwMDAwMDAwMDAwLCJkZWxldGUiOjEyMDAwMDAwMDAwMDAsInVwZGF0ZSI6MTIwMDAwMDAwMDAwMH19"
        }
      ]
    },
    {
      "mode": "managed",
      "type": "oci_identity_policy",
      "name": "k8s_instance_policy",
      "provider": "provider[\"registry.opentofu.org/oracle/oci\"]",
      "instances": [
        {
          "schema_version": 0,
          "attributes": {
            "ETag": "27425bb6258b60be5ce221cab9f2eec390e7ff50",
            "compartment_id": "ocid1.tenancy.oc1..aaaaaaaakqbx4b5npvrfpprq2jd3c52zpwa6riptpnuk3hluk2tx6f3q43ma",
            "defined_tags": {
              "Oracle-Tags.CreatedBy": "default/zenon.i.kielbasa@gmail.com",
              "Oracle-Tags.CreatedOn": "2024-03-17T22:47:09.532Z"
            },
            "description": "allow k8s instances to mount disks",
            "freeform_tags": {},
            "id": "ocid1.policy.oc1..aaaaaaaantgrqedafebz5t6vcefumqvseqzxppaomo4iooyvfuj2bh22nokq",
            "inactive_state": null,
            "lastUpdateETag": "27425bb6258b60be5ce221cab9f2eec390e7ff50",
            "name": "k8s_allow_disks",
            "policyHash": "f752f5dd9bf88762ce812448f9c8f090",
            "state": "ACTIVE",
            "statements": [
              "Allow dynamic-group k8s_instances to use instance-family in tenancy",
              "Allow dynamic-group k8s_instances to use volumes in tenancy",
              "Allow dynamic-group k8s_instances to manage volume-attachments in tenancy"
            ],
            "time_created": "2024-03-17 22:47:09.555 +0000 UTC",
            "timeouts": null,
            "version_date": null
          },
          "sensitive_attributes": [],
          "private": "eyJlMmJmYjczMC1lY2FhLTExZTYtOGY4OC0zNDM2M2JjN2M0YzAiOnsiY3JlYXRlIjoxMjAwMDAwMDAwMDAwLCJkZWxldGUiOjEyMDAwMDAwMDAwMDAsInVwZGF0ZSI6MTIwMDAwMDAwMDAwMH19"
        }
      ]
    },
    {
      "mode": "managed",
      "type": "oci_identity_policy",
      "name": "k8s_instance_policy_metrics",
      "provider": "provider[\"registry.opentofu.org/oracle/oci\"]",
      "instances": [
        {
          "schema_version": 0,
          "attributes": {
            "ETag": "b35d7bbd00109aaae60a15be9daf6714cacfeec8",
            "compartment_id": "ocid1.tenancy.oc1..aaaaaaaakqbx4b5npvrfpprq2jd3c52zpwa6riptpnuk3hluk2tx6f3q43ma",
            "defined_tags": {
              "Oracle-Tags.CreatedBy": "default/zenon.i.kielbasa@gmail.com",
              "Oracle-Tags.CreatedOn": "2024-03-17T22:47:09.586Z"
            },
            "description": "allow k8s instances to read oci metrics",
            "freeform_tags": {},
            "id": "ocid1.policy.oc1..aaaaaaaa5cvpfo766vb36h56dvbt7zhdos4k445nnmnjc5gza2rbii2ufmqa",
            "inactive_state": null,
            "lastUpdateETag": "b35d7bbd00109aaae60a15be9daf6714cacfeec8",
            "name": "k8s_allow_oci_metrics",
            "policyHash": "0856bf99a73e77aaa126dbc45184f1ff",
            "state": "ACTIVE",
            "statements": [
              "Allow dynamic-group k8s_instances to read metrics in tenancy",
              "Allow dynamic-group k8s_instances to read compartments in tenancy"
            ],
            "time_created": "2024-03-17 22:47:09.662 +0000 UTC",
            "timeouts": null,
            "version_date": null
          },
          "sensitive_attributes": [],
          "private": "eyJlMmJmYjczMC1lY2FhLTExZTYtOGY4OC0zNDM2M2JjN2M0YzAiOnsiY3JlYXRlIjoxMjAwMDAwMDAwMDAwLCJkZWxldGUiOjEyMDAwMDAwMDAwMDAsInVwZGF0ZSI6MTIwMDAwMDAwMDAwMH19"
        }
      ]
    },
    {
      "module": "module.vcn",
      "mode": "data",
      "type": "oci_core_services",
      "name": "all_oci_services",
      "provider": "provider[\"registry.opentofu.org/oracle/oci\"]",
      "instances": [
        {
          "index_key": 0,
          "schema_version": 0,
          "attributes": {
            "filter": [
              {
                "name": "name",
                "regex": true,
                "values": [
                  "All .* Services In Oracle Services Network"
                ]
              }
            ],
            "id": "CoreServicesDataSource-0",
            "services": [
              {
                "cidr_block": "all-fra-services-in-oracle-services-network",
                "description": "All FRA Services In Oracle Services Network",
                "id": "ocid1.service.oc1.eu-frankfurt-1.aaaaaaaa7ncsqkj6lkz36dehifizupyn6qjqsmtepsegs23yyntnsy7qrvea",
                "name": "All FRA Services In Oracle Services Network"
              }
            ]
          },
          "sensitive_attributes": []
        }
      ]
    },
    {
      "module": "module.vcn",
      "mode": "managed",
      "type": "oci_core_default_security_list",
      "name": "lockdown",
      "provider": "provider[\"registry.opentofu.org/oracle/oci\"]",
      "instances": [
        {
          "index_key": 0,
          "schema_version": 0,
          "attributes": {
            "compartment_id": "ocid1.tenancy.oc1..aaaaaaaakqbx4b5npvrfpprq2jd3c52zpwa6riptpnuk3hluk2tx6f3q43ma",
            "defined_tags": {
              "Oracle-Tags.CreatedBy": "default/zenon.i.kielbasa@gmail.com",
              "Oracle-Tags.CreatedOn": "2024-03-16T21:31:15.797Z"
            },
            "display_name": "Default Security List for free-k8s-vcn",
            "egress_security_rules": [],
            "freeform_tags": {
              "module": "oracle-terraform-modules/vcn/oci",
              "terraformed": "Please do not edit manually"
            },
            "id": "ocid1.securitylist.oc1.eu-frankfurt-1.aaaaaaaa5t5czwtn6ewmqkdy47e7aciek2mpjusuavbjte7pkrsoro4skwdq",
            "ingress_security_rules": [],
            "manage_default_resource_id": "ocid1.securitylist.oc1.eu-frankfurt-1.aaaaaaaa5t5czwtn6ewmqkdy47e7aciek2mpjusuavbjte7pkrsoro4skwdq",
            "state": "AVAILABLE",
            "time_created": "2024-03-16 21:31:15.903 +0000 UTC",
            "timeouts": null
          },
          "sensitive_attributes": [],
          "private": "eyJlMmJmYjczMC1lY2FhLTExZTYtOGY4OC0zNDM2M2JjN2M0YzAiOnsiY3JlYXRlIjoxMjAwMDAwMDAwMDAwLCJkZWxldGUiOjEyMDAwMDAwMDAwMDAsInVwZGF0ZSI6MTIwMDAwMDAwMDAwMH19",
          "dependencies": [
            "module.vcn.oci_core_vcn.vcn"
          ]
        }
      ]
    },
    {
      "module": "module.vcn",
      "mode": "managed",
      "type": "oci_core_internet_gateway",
      "name": "ig",
      "provider": "provider[\"registry.opentofu.org/oracle/oci\"]",
      "instances": [
        {
          "index_key": 0,
          "schema_version": 0,
          "attributes": {
            "compartment_id": "ocid1.tenancy.oc1..aaaaaaaakqbx4b5npvrfpprq2jd3c52zpwa6riptpnuk3hluk2tx6f3q43ma",
            "defined_tags": {
              "Oracle-Tags.CreatedBy": "default/zenon.i.kielbasa@gmail.com",
              "Oracle-Tags.CreatedOn": "2024-03-17T22:06:12.782Z"
            },
            "display_name": "internet-gateway",
            "enabled": true,
            "freeform_tags": {
              "module": "oracle-terraform-modules/vcn/oci",
              "terraformed": "Please do not edit manually"
            },
            "id": "ocid1.internetgateway.oc1.eu-frankfurt-1.aaaaaaaahqnkwwzyxwceivhs3cufhzdwwtbgfrab47e2sycf5obc2p3denwa",
            "route_table_id": null,
            "state": "AVAILABLE",
            "time_created": "2024-03-17 22:06:12.814 +0000 UTC",
            "timeouts": null,
            "vcn_id": "ocid1.vcn.oc1.eu-frankfurt-1.amaaaaaa4ywwqqya2q4kvp5k4yo6f4lmoht23uspxqntmgasz35sdhq63oqa"
          },
          "sensitive_attributes": [],
          "private": "eyJlMmJmYjczMC1lY2FhLTExZTYtOGY4OC0zNDM2M2JjN2M0YzAiOnsiY3JlYXRlIjoxMjAwMDAwMDAwMDAwLCJkZWxldGUiOjEyMDAwMDAwMDAwMDAsInVwZGF0ZSI6MTIwMDAwMDAwMDAwMH19",
          "dependencies": [
            "module.vcn.oci_core_vcn.vcn"
          ]
        }
      ]
    },
    {
      "module": "module.vcn",
      "mode": "managed",
      "type": "oci_core_nat_gateway",
      "name": "nat_gateway",
      "provider": "provider[\"registry.opentofu.org/oracle/oci\"]",
      "instances": [
        {
          "index_key": 0,
          "schema_version": 0,
          "attributes": {
            "block_traffic": false,
            "compartment_id": "ocid1.tenancy.oc1..aaaaaaaakqbx4b5npvrfpprq2jd3c52zpwa6riptpnuk3hluk2tx6f3q43ma",
            "defined_tags": {
              "Oracle-Tags.CreatedBy": "default/zenon.i.kielbasa@gmail.com",
              "Oracle-Tags.CreatedOn": "2024-03-17T22:06:12.898Z"
            },
            "display_name": "nat-gateway",
            "freeform_tags": {
              "module": "oracle-terraform-modules/vcn/oci",
              "terraformed": "Please do not edit manually"
            },
            "id": "ocid1.natgateway.oc1.eu-frankfurt-1.aaaaaaaa63y43mjfd3qiha75gjw2m6jhegoh4wio23ijsdfjovh7rokojacq",
            "nat_ip": "130.162.55.238",
            "public_ip_id": "ocid1.publicip.oc1.eu-frankfurt-1.aaaaaaaakoudr77b54ahyhswqoiysu7bynfh7e5h3pon6jzyrvkfq3cxas7a",
            "route_table_id": null,
            "state": "AVAILABLE",
            "time_created": "2024-03-17 22:06:13.273 +0000 UTC",
            "timeouts": null,
            "vcn_id": "ocid1.vcn.oc1.eu-frankfurt-1.amaaaaaa4ywwqqya2q4kvp5k4yo6f4lmoht23uspxqntmgasz35sdhq63oqa"
          },
          "sensitive_attributes": [],
          "private": "eyJlMmJmYjczMC1lY2FhLTExZTYtOGY4OC0zNDM2M2JjN2M0YzAiOnsiY3JlYXRlIjoxMjAwMDAwMDAwMDAwLCJkZWxldGUiOjEyMDAwMDAwMDAwMDAsInVwZGF0ZSI6MTIwMDAwMDAwMDAwMH19",
          "dependencies": [
            "module.vcn.oci_core_vcn.vcn"
          ]
        }
      ]
    },
    {
      "module": "module.vcn",
      "mode": "managed",
      "type": "oci_core_route_table",
      "name": "ig",
      "provider": "provider[\"registry.opentofu.org/oracle/oci\"]",
      "instances": [
        {
          "index_key": 0,
          "schema_version": 0,
          "attributes": {
            "compartment_id": "ocid1.tenancy.oc1..aaaaaaaakqbx4b5npvrfpprq2jd3c52zpwa6riptpnuk3hluk2tx6f3q43ma",
            "defined_tags": {
              "Oracle-Tags.CreatedBy": "default/zenon.i.kielbasa@gmail.com",
              "Oracle-Tags.CreatedOn": "2024-03-17T22:06:13.145Z"
            },
            "display_name": "internet-route",
            "freeform_tags": {
              "module": "oracle-terraform-modules/vcn/oci",
              "terraformed": "Please do not edit manually"
            },
            "id": "ocid1.routetable.oc1.eu-frankfurt-1.aaaaaaaanwnou7dha7buxtho3kk7l6aczj4kctbpwsfmhxlheofyord6ahca",
            "route_rules": [
              {
                "cidr_block": "",
                "description": "Terraformed - Auto-generated at Internet Gateway creation: Internet Gateway as default gateway",
                "destination": "0.0.0.0/0",
                "destination_type": "CIDR_BLOCK",
                "network_entity_id": "ocid1.internetgateway.oc1.eu-frankfurt-1.aaaaaaaahqnkwwzyxwceivhs3cufhzdwwtbgfrab47e2sycf5obc2p3denwa",
                "route_type": ""
              }
            ],
            "state": "AVAILABLE",
            "time_created": "2024-03-17 22:06:13.158 +0000 UTC",
            "timeouts": null,
            "vcn_id": "ocid1.vcn.oc1.eu-frankfurt-1.amaaaaaa4ywwqqya2q4kvp5k4yo6f4lmoht23uspxqntmgasz35sdhq63oqa"
          },
          "sensitive_attributes": [],
          "private": "eyJlMmJmYjczMC1lY2FhLTExZTYtOGY4OC0zNDM2M2JjN2M0YzAiOnsiY3JlYXRlIjoxMjAwMDAwMDAwMDAwLCJkZWxldGUiOjEyMDAwMDAwMDAwMDAsInVwZGF0ZSI6MTIwMDAwMDAwMDAwMH19",
          "dependencies": [
            "module.vcn.oci_core_internet_gateway.ig",
            "module.vcn.oci_core_local_peering_gateway.lpg",
            "module.vcn.oci_core_vcn.vcn"
          ]
        }
      ]
    },
    {
      "module": "module.vcn",
      "mode": "managed",
      "type": "oci_core_route_table",
      "name": "nat",
      "provider": "provider[\"registry.opentofu.org/oracle/oci\"]",
      "instances": [
        {
          "index_key": 0,
          "schema_version": 0,
          "attributes": {
            "compartment_id": "ocid1.tenancy.oc1..aaaaaaaakqbx4b5npvrfpprq2jd3c52zpwa6riptpnuk3hluk2tx6f3q43ma",
            "defined_tags": {
              "Oracle-Tags.CreatedBy": "default/zenon.i.kielbasa@gmail.com",
              "Oracle-Tags.CreatedOn": "2024-03-17T22:06:14.191Z"
            },
            "display_name": "nat-route",
            "freeform_tags": {
              "module": "oracle-terraform-modules/vcn/oci",
              "terraformed": "Please do not edit manually"
            },
            "id": "ocid1.routetable.oc1.eu-frankfurt-1.aaaaaaaak572fizih2ri2jnuh6v7k3sqbqrnohrjw3utzkgvdikvmpi7ddaq",
            "route_rules": [
              {
                "cidr_block": "",
                "description": "Terraformed - Auto-generated at NAT Gateway creation: NAT Gateway as default gateway",
                "destination": "0.0.0.0/0",
                "destination_type": "CIDR_BLOCK",
                "network_entity_id": "ocid1.natgateway.oc1.eu-frankfurt-1.aaaaaaaa63y43mjfd3qiha75gjw2m6jhegoh4wio23ijsdfjovh7rokojacq",
                "route_type": ""
              },
              {
                "cidr_block": "",
                "description": "Terraformed - Auto-generated at Service Gateway creation: All Services in region to Service Gateway",
                "destination": "all-fra-services-in-oracle-services-network",
                "destination_type": "SERVICE_CIDR_BLOCK",
                "network_entity_id": "ocid1.servicegateway.oc1.eu-frankfurt-1.aaaaaaaajnndikljav6tpasmfk5zi3j6dit5oyro5eiwg2iaboqnelgyqq2a",
                "route_type": ""
              }
            ],
            "state": "AVAILABLE",
            "time_created": "2024-03-17 22:06:14.213 +0000 UTC",
            "timeouts": null,
            "vcn_id": "ocid1.vcn.oc1.eu-frankfurt-1.amaaaaaa4ywwqqya2q4kvp5k4yo6f4lmoht23uspxqntmgasz35sdhq63oqa"
          },
          "sensitive_attributes": [],
          "private": "eyJlMmJmYjczMC1lY2FhLTExZTYtOGY4OC0zNDM2M2JjN2M0YzAiOnsiY3JlYXRlIjoxMjAwMDAwMDAwMDAwLCJkZWxldGUiOjEyMDAwMDAwMDAwMDAsInVwZGF0ZSI6MTIwMDAwMDAwMDAwMH19",
          "dependencies": [
            "module.vcn.data.oci_core_services.all_oci_services",
            "module.vcn.oci_core_local_peering_gateway.lpg",
            "module.vcn.oci_core_nat_gateway.nat_gateway",
            "module.vcn.oci_core_service_gateway.service_gateway",
            "module.vcn.oci_core_vcn.vcn"
          ]
        }
      ]
    },
    {
      "module": "module.vcn",
      "mode": "managed",
      "type": "oci_core_route_table",
      "name": "service_gw",
      "provider": "provider[\"registry.opentofu.org/oracle/oci\"]",
      "instances": [
        {
          "index_key": 0,
          "schema_version": 0,
          "attributes": {
            "compartment_id": "ocid1.tenancy.oc1..aaaaaaaakqbx4b5npvrfpprq2jd3c52zpwa6riptpnuk3hluk2tx6f3q43ma",
            "defined_tags": {
              "Oracle-Tags.CreatedBy": "default/zenon.i.kielbasa@gmail.com",
              "Oracle-Tags.CreatedOn": "2024-03-17T22:06:13.660Z"
            },
            "display_name": "service-gw-route",
            "freeform_tags": {
              "module": "oracle-terraform-modules/vcn/oci",
              "terraformed": "Please do not edit manually"
            },
            "id": "ocid1.routetable.oc1.eu-frankfurt-1.aaaaaaaaudoguwefaamst6t7iz5ax32h2ksd6pnilzlizcfay5epp5ozouzq",
            "route_rules": [
              {
                "cidr_block": "",
                "description": "Terraformed - Auto-generated at Service Gateway creation: All Services in region to Service Gateway",
                "destination": "all-fra-services-in-oracle-services-network",
                "destination_type": "SERVICE_CIDR_BLOCK",
                "network_entity_id": "ocid1.servicegateway.oc1.eu-frankfurt-1.aaaaaaaajnndikljav6tpasmfk5zi3j6dit5oyro5eiwg2iaboqnelgyqq2a",
                "route_type": ""
              }
            ],
            "state": "AVAILABLE",
            "time_created": "2024-03-17 22:06:13.674 +0000 UTC",
            "timeouts": null,
            "vcn_id": "ocid1.vcn.oc1.eu-frankfurt-1.amaaaaaa4ywwqqya2q4kvp5k4yo6f4lmoht23uspxqntmgasz35sdhq63oqa"
          },
          "sensitive_attributes": [],
          "private": "eyJlMmJmYjczMC1lY2FhLTExZTYtOGY4OC0zNDM2M2JjN2M0YzAiOnsiY3JlYXRlIjoxMjAwMDAwMDAwMDAwLCJkZWxldGUiOjEyMDAwMDAwMDAwMDAsInVwZGF0ZSI6MTIwMDAwMDAwMDAwMH19",
          "dependencies": [
            "module.vcn.data.oci_core_services.all_oci_services",
            "module.vcn.oci_core_service_gateway.service_gateway",
            "module.vcn.oci_core_vcn.vcn"
          ]
        }
      ]
    },
    {
      "module": "module.vcn",
      "mode": "managed",
      "type": "oci_core_service_gateway",
      "name": "service_gateway",
      "provider": "provider[\"registry.opentofu.org/oracle/oci\"]",
      "instances": [
        {
          "index_key": 0,
          "schema_version": 0,
          "attributes": {
            "block_traffic": false,
            "compartment_id": "ocid1.tenancy.oc1..aaaaaaaakqbx4b5npvrfpprq2jd3c52zpwa6riptpnuk3hluk2tx6f3q43ma",
            "defined_tags": {
              "Oracle-Tags.CreatedBy": "default/zenon.i.kielbasa@gmail.com",
              "Oracle-Tags.CreatedOn": "2024-03-17T22:06:12.772Z"
            },
            "display_name": "service-gateway",
            "freeform_tags": {
              "module": "oracle-terraform-modules/vcn/oci",
              "terraformed": "Please do not edit manually"
            },
            "id": "ocid1.servicegateway.oc1.eu-frankfurt-1.aaaaaaaajnndikljav6tpasmfk5zi3j6dit5oyro5eiwg2iaboqnelgyqq2a",
            "route_table_id": null,
            "services": [
              {
                "service_id": "ocid1.service.oc1.eu-frankfurt-1.aaaaaaaa7ncsqkj6lkz36dehifizupyn6qjqsmtepsegs23yyntnsy7qrvea",
                "service_name": "All FRA Services In Oracle Services Network"
              }
            ],
            "state": "AVAILABLE",
            "time_created": "2024-03-17 22:06:13.124 +0000 UTC",
            "timeouts": null,
            "vcn_id": "ocid1.vcn.oc1.eu-frankfurt-1.amaaaaaa4ywwqqya2q4kvp5k4yo6f4lmoht23uspxqntmgasz35sdhq63oqa"
          },
          "sensitive_attributes": [],
          "private": "eyJlMmJmYjczMC1lY2FhLTExZTYtOGY4OC0zNDM2M2JjN2M0YzAiOnsiY3JlYXRlIjoxMjAwMDAwMDAwMDAwLCJkZWxldGUiOjEyMDAwMDAwMDAwMDAsInVwZGF0ZSI6MTIwMDAwMDAwMDAwMH19",
          "dependencies": [
            "module.vcn.data.oci_core_services.all_oci_services",
            "module.vcn.oci_core_vcn.vcn"
          ]
        }
      ]
    },
    {
      "module": "module.vcn",
      "mode": "managed",
      "type": "oci_core_vcn",
      "name": "vcn",
      "provider": "provider[\"registry.opentofu.org/oracle/oci\"]",
      "instances": [
        {
          "schema_version": 0,
          "attributes": {
            "byoipv6cidr_blocks": [],
            "byoipv6cidr_details": [],
            "cidr_block": "10.0.0.0/16",
            "cidr_blocks": [
              "10.0.0.0/16"
            ],
            "compartment_id": "ocid1.tenancy.oc1..aaaaaaaakqbx4b5npvrfpprq2jd3c52zpwa6riptpnuk3hluk2tx6f3q43ma",
            "default_dhcp_options_id": "ocid1.dhcpoptions.oc1.eu-frankfurt-1.aaaaaaaasmarazjdhuap4hf3iezvv6mdwvmq6cyea43dltvmftm453evefwa",
            "default_route_table_id": "ocid1.routetable.oc1.eu-frankfurt-1.aaaaaaaapineqhqatbt23sy7dthl7tynfn5f5gmxi4r7vg225vraf6kilplq",
            "default_security_list_id": "ocid1.securitylist.oc1.eu-frankfurt-1.aaaaaaaa5t5czwtn6ewmqkdy47e7aciek2mpjusuavbjte7pkrsoro4skwdq",
            "defined_tags": {
              "Oracle-Tags.CreatedBy": "default/zenon.i.kielbasa@gmail.com",
              "Oracle-Tags.CreatedOn": "2024-03-16T21:31:15.797Z"
            },
            "display_name": "free-k8s-vcn",
            "dns_label": "freek8svcn",
            "freeform_tags": {
              "module": "oracle-terraform-modules/vcn/oci",
              "terraformed": "Please do not edit manually"
            },
            "id": "ocid1.vcn.oc1.eu-frankfurt-1.amaaaaaa4ywwqqya2q4kvp5k4yo6f4lmoht23uspxqntmgasz35sdhq63oqa",
            "ipv6cidr_blocks": [],
            "ipv6private_cidr_blocks": [],
            "is_ipv6enabled": false,
            "is_oracle_gua_allocation_enabled": null,
            "state": "AVAILABLE",
            "time_created": "2024-03-16 21:31:15.903 +0000 UTC",
            "timeouts": {
              "create": null,
              "delete": null,
              "update": null
            },
            "vcn_domain_name": "freek8svcn.oraclevcn.com"
          },
          "sensitive_attributes": [],
          "private": "eyJlMmJmYjczMC1lY2FhLTExZTYtOGY4OC0zNDM2M2JjN2M0YzAiOnsiY3JlYXRlIjoxMjAwMDAwMDAwMDAwLCJkZWxldGUiOjEyMDAwMDAwMDAwMDAsInVwZGF0ZSI6MTIwMDAwMDAwMDAwMH0sInNjaGVtYV92ZXJzaW9uIjoiMCJ9"
        }
      ]
    }
  ],
  "check_results": [
    {
      "object_kind": "var",
      "config_addr": "module.vcn.var.nat_gateway_display_name",
      "status": "pass",
      "objects": [
        {
          "object_addr": "module.vcn.var.nat_gateway_display_name",
          "status": "pass"
        }
      ]
    },
    {
      "object_kind": "var",
      "config_addr": "module.vcn.var.vcn_name",
      "status": "pass",
      "objects": [
        {
          "object_addr": "module.vcn.var.vcn_name",
          "status": "pass"
        }
      ]
    },
    {
      "object_kind": "var",
      "config_addr": "module.vcn.var.vcn_dns_label",
      "status": "pass",
      "objects": [
        {
          "object_addr": "module.vcn.var.vcn_dns_label",
          "status": "pass"
        }
      ]
    },
    {
      "object_kind": "var",
      "config_addr": "module.vcn.var.internet_gateway_display_name",
      "status": "pass",
      "objects": [
        {
          "object_addr": "module.vcn.var.internet_gateway_display_name",
          "status": "pass"
        }
      ]
    },
    {
      "object_kind": "var",
      "config_addr": "module.vcn.var.service_gateway_display_name",
      "status": "pass",
      "objects": [
        {
          "object_addr": "module.vcn.var.service_gateway_display_name",
          "status": "pass"
        }
      ]
    }
  ]
}
